// !$*UTF8*$!
{
	archiveVersion = 1;
	classes = {
	};
	objectVersion = 50;
	objects = {

/* Begin PBXBuildFile section */
		D034D5A62216AEBA0021EAFF /* AppDelegate.m in Sources */ = {isa = PBXBuildFile; fileRef = D034D5A52216AEBA0021EAFF /* AppDelegate.m */; };
		D034D5A92216AEBA0021EAFF /* ViewController.m in Sources */ = {isa = PBXBuildFile; fileRef = D034D5A82216AEBA0021EAFF /* ViewController.m */; };
		D034D5AC2216AEBA0021EAFF /* Main.storyboard in Resources */ = {isa = PBXBuildFile; fileRef = D034D5AA2216AEBA0021EAFF /* Main.storyboard */; };
		D034D5AE2216AEBC0021EAFF /* Assets.xcassets in Resources */ = {isa = PBXBuildFile; fileRef = D034D5AD2216AEBC0021EAFF /* Assets.xcassets */; };
		D034D5B12216AEBC0021EAFF /* LaunchScreen.storyboard in Resources */ = {isa = PBXBuildFile; fileRef = D034D5AF2216AEBC0021EAFF /* LaunchScreen.storyboard */; };
		D034D5B42216AEBC0021EAFF /* main.m in Sources */ = {isa = PBXBuildFile; fileRef = D034D5B32216AEBC0021EAFF /* main.m */; };
		D034D5BE2216AEBC0021EAFF /* LeetCodeTests.m in Sources */ = {isa = PBXBuildFile; fileRef = D034D5BD2216AEBC0021EAFF /* LeetCodeTests.m */; };
		D034D5C92216AEBC0021EAFF /* LeetCodeUITests.m in Sources */ = {isa = PBXBuildFile; fileRef = D034D5C82216AEBC0021EAFF /* LeetCodeUITests.m */; };
/* End PBXBuildFile section */

/* Begin PBXContainerItemProxy section */
		D034D5BA2216AEBC0021EAFF /* PBXContainerItemProxy */ = {
			isa = PBXContainerItemProxy;
			containerPortal = D034D5992216AEBA0021EAFF /* Project object */;
			proxyType = 1;
			remoteGlobalIDString = D034D5A02216AEBA0021EAFF;
			remoteInfo = LeetCode;
		};
		D034D5C52216AEBC0021EAFF /* PBXContainerItemProxy */ = {
			isa = PBXContainerItemProxy;
			containerPortal = D034D5992216AEBA0021EAFF /* Project object */;
			proxyType = 1;
			remoteGlobalIDString = D034D5A02216AEBA0021EAFF;
			remoteInfo = LeetCode;
		};
/* End PBXContainerItemProxy section */

/* Begin PBXFileReference section */
		D034D5A12216AEBA0021EAFF /* LeetCode.app */ = {isa = PBXFileReference; explicitFileType = wrapper.application; includeInIndex = 0; path = LeetCode.app; sourceTree = BUILT_PRODUCTS_DIR; };
		D034D5A42216AEBA0021EAFF /* AppDelegate.h */ = {isa = PBXFileReference; lastKnownFileType = sourcecode.c.h; path = AppDelegate.h; sourceTree = "<group>"; };
		D034D5A52216AEBA0021EAFF /* AppDelegate.m */ = {isa = PBXFileReference; lastKnownFileType = sourcecode.c.objc; path = AppDelegate.m; sourceTree = "<group>"; };
		D034D5A72216AEBA0021EAFF /* ViewController.h */ = {isa = PBXFileReference; lastKnownFileType = sourcecode.c.h; path = ViewController.h; sourceTree = "<group>"; };
		D034D5A82216AEBA0021EAFF /* ViewController.m */ = {isa = PBXFileReference; lastKnownFileType = sourcecode.c.objc; path = ViewController.m; sourceTree = "<group>"; };
		D034D5AB2216AEBA0021EAFF /* Base */ = {isa = PBXFileReference; lastKnownFileType = file.storyboard; name = Base; path = Base.lproj/Main.storyboard; sourceTree = "<group>"; };
		D034D5AD2216AEBC0021EAFF /* Assets.xcassets */ = {isa = PBXFileReference; lastKnownFileType = folder.assetcatalog; path = Assets.xcassets; sourceTree = "<group>"; };
		D034D5B02216AEBC0021EAFF /* Base */ = {isa = PBXFileReference; lastKnownFileType = file.storyboard; name = Base; path = Base.lproj/LaunchScreen.storyboard; sourceTree = "<group>"; };
		D034D5B22216AEBC0021EAFF /* Info.plist */ = {isa = PBXFileReference; lastKnownFileType = text.plist.xml; path = Info.plist; sourceTree = "<group>"; };
		D034D5B32216AEBC0021EAFF /* main.m */ = {isa = PBXFileReference; lastKnownFileType = sourcecode.c.objc; path = main.m; sourceTree = "<group>"; };
		D034D5B92216AEBC0021EAFF /* LeetCodeTests.xctest */ = {isa = PBXFileReference; explicitFileType = wrapper.cfbundle; includeInIndex = 0; path = LeetCodeTests.xctest; sourceTree = BUILT_PRODUCTS_DIR; };
		D034D5BD2216AEBC0021EAFF /* LeetCodeTests.m */ = {isa = PBXFileReference; lastKnownFileType = sourcecode.c.objc; path = LeetCodeTests.m; sourceTree = "<group>"; };
		D034D5BF2216AEBC0021EAFF /* Info.plist */ = {isa = PBXFileReference; lastKnownFileType = text.plist.xml; path = Info.plist; sourceTree = "<group>"; };
		D034D5C42216AEBC0021EAFF /* LeetCodeUITests.xctest */ = {isa = PBXFileReference; explicitFileType = wrapper.cfbundle; includeInIndex = 0; path = LeetCodeUITests.xctest; sourceTree = BUILT_PRODUCTS_DIR; };
		D034D5C82216AEBC0021EAFF /* LeetCodeUITests.m */ = {isa = PBXFileReference; lastKnownFileType = sourcecode.c.objc; path = LeetCodeUITests.m; sourceTree = "<group>"; };
		D034D5CA2216AEBC0021EAFF /* Info.plist */ = {isa = PBXFileReference; lastKnownFileType = text.plist.xml; path = Info.plist; sourceTree = "<group>"; };
/* End PBXFileReference section */

/* Begin PBXFrameworksBuildPhase section */
		D034D59E2216AEBA0021EAFF /* Frameworks */ = {
			isa = PBXFrameworksBuildPhase;
			buildActionMask = 2147483647;
			files = (
			);
			runOnlyForDeploymentPostprocessing = 0;
		};
		D034D5B62216AEBC0021EAFF /* Frameworks */ = {
			isa = PBXFrameworksBuildPhase;
			buildActionMask = 2147483647;
			files = (
			);
			runOnlyForDeploymentPostprocessing = 0;
		};
		D034D5C12216AEBC0021EAFF /* Frameworks */ = {
			isa = PBXFrameworksBuildPhase;
			buildActionMask = 2147483647;
			files = (
			);
			runOnlyForDeploymentPostprocessing = 0;
		};
/* End PBXFrameworksBuildPhase section */

/* Begin PBXGroup section */
		D034D5982216AEBA0021EAFF = {
			isa = PBXGroup;
			children = (
				D034D5A32216AEBA0021EAFF /* LeetCode */,
				D034D5BC2216AEBC0021EAFF /* LeetCodeTests */,
				D034D5C72216AEBC0021EAFF /* LeetCodeUITests */,
				D034D5A22216AEBA0021EAFF /* Products */,
			);
			sourceTree = "<group>";
		};
		D034D5A22216AEBA0021EAFF /* Products */ = {
			isa = PBXGroup;
			children = (
				D034D5A12216AEBA0021EAFF /* LeetCode.app */,
				D034D5B92216AEBC0021EAFF /* LeetCodeTests.xctest */,
				D034D5C42216AEBC0021EAFF /* LeetCodeUITests.xctest */,
			);
			name = Products;
			sourceTree = "<group>";
		};
		D034D5A32216AEBA0021EAFF /* LeetCode */ = {
			isa = PBXGroup;
			children = (
				D034D5A42216AEBA0021EAFF /* AppDelegate.h */,
				D034D5A52216AEBA0021EAFF /* AppDelegate.m */,
				D034D5A72216AEBA0021EAFF /* ViewController.h */,
				D034D5A82216AEBA0021EAFF /* ViewController.m */,
				D034D5AA2216AEBA0021EAFF /* Main.storyboard */,
				D034D5AD2216AEBC0021EAFF /* Assets.xcassets */,
				D034D5AF2216AEBC0021EAFF /* LaunchScreen.storyboard */,
				D034D5B22216AEBC0021EAFF /* Info.plist */,
				D034D5B32216AEBC0021EAFF /* main.m */,
			);
			path = LeetCode;
			sourceTree = "<group>";
		};
		D034D5BC2216AEBC0021EAFF /* LeetCodeTests */ = {
			isa = PBXGroup;
			children = (
				D034D5BD2216AEBC0021EAFF /* LeetCodeTests.m */,
				D034D5BF2216AEBC0021EAFF /* Info.plist */,
			);
			path = LeetCodeTests;
			sourceTree = "<group>";
		};
		D034D5C72216AEBC0021EAFF /* LeetCodeUITests */ = {
			isa = PBXGroup;
			children = (
				D034D5C82216AEBC0021EAFF /* LeetCodeUITests.m */,
				D034D5CA2216AEBC0021EAFF /* Info.plist */,
			);
			path = LeetCodeUITests;
			sourceTree = "<group>";
		};
/* End PBXGroup section */

/* Begin PBXNativeTarget section */
		D034D5A02216AEBA0021EAFF /* LeetCode */ = {
			isa = PBXNativeTarget;
			buildConfigurationList = D034D5CD2216AEBC0021EAFF /* Build configuration list for PBXNativeTarget "LeetCode" */;
			buildPhases = (
				D034D59D2216AEBA0021EAFF /* Sources */,
				D034D59E2216AEBA0021EAFF /* Frameworks */,
				D034D59F2216AEBA0021EAFF /* Resources */,
			);
			buildRules = (
			);
			dependencies = (
			);
			name = LeetCode;
			productName = LeetCode;
			productReference = D034D5A12216AEBA0021EAFF /* LeetCode.app */;
			productType = "com.apple.product-type.application";
		};
		D034D5B82216AEBC0021EAFF /* LeetCodeTests */ = {
			isa = PBXNativeTarget;
			buildConfigurationList = D034D5D02216AEBC0021EAFF /* Build configuration list for PBXNativeTarget "LeetCodeTests" */;
			buildPhases = (
				D034D5B52216AEBC0021EAFF /* Sources */,
				D034D5B62216AEBC0021EAFF /* Frameworks */,
				D034D5B72216AEBC0021EAFF /* Resources */,
			);
			buildRules = (
			);
			dependencies = (
				D034D5BB2216AEBC0021EAFF /* PBXTargetDependency */,
			);
			name = LeetCodeTests;
			productName = LeetCodeTests;
			productReference = D034D5B92216AEBC0021EAFF /* LeetCodeTests.xctest */;
			productType = "com.apple.product-type.bundle.unit-test";
		};
		D034D5C32216AEBC0021EAFF /* LeetCodeUITests */ = {
			isa = PBXNativeTarget;
			buildConfigurationList = D034D5D32216AEBC0021EAFF /* Build configuration list for PBXNativeTarget "LeetCodeUITests" */;
			buildPhases = (
				D034D5C02216AEBC0021EAFF /* Sources */,
				D034D5C12216AEBC0021EAFF /* Frameworks */,
				D034D5C22216AEBC0021EAFF /* Resources */,
			);
			buildRules = (
			);
			dependencies = (
				D034D5C62216AEBC0021EAFF /* PBXTargetDependency */,
			);
			name = LeetCodeUITests;
			productName = LeetCodeUITests;
			productReference = D034D5C42216AEBC0021EAFF /* LeetCodeUITests.xctest */;
			productType = "com.apple.product-type.bundle.ui-testing";
		};
/* End PBXNativeTarget section */

/* Begin PBXProject section */
		D034D5992216AEBA0021EAFF /* Project object */ = {
			isa = PBXProject;
			attributes = {
				LastUpgradeCheck = 1010;
				ORGANIZATIONNAME = wenbo;
				TargetAttributes = {
					D034D5A02216AEBA0021EAFF = {
						CreatedOnToolsVersion = 10.1;
					};
					D034D5B82216AEBC0021EAFF = {
						CreatedOnToolsVersion = 10.1;
						TestTargetID = D034D5A02216AEBA0021EAFF;
					};
					D034D5C32216AEBC0021EAFF = {
						CreatedOnToolsVersion = 10.1;
						TestTargetID = D034D5A02216AEBA0021EAFF;
					};
				};
			};
			buildConfigurationList = D034D59C2216AEBA0021EAFF /* Build configuration list for PBXProject "LeetCode" */;
			compatibilityVersion = "Xcode 9.3";
			developmentRegion = en;
			hasScannedForEncodings = 0;
			knownRegions = (
				en,
				Base,
			);
			mainGroup = D034D5982216AEBA0021EAFF;
			productRefGroup = D034D5A22216AEBA0021EAFF /* Products */;
			projectDirPath = "";
			projectRoot = "";
			targets = (
				D034D5A02216AEBA0021EAFF /* LeetCode */,
				D034D5B82216AEBC0021EAFF /* LeetCodeTests */,
				D034D5C32216AEBC0021EAFF /* LeetCodeUITests */,
			);
		};
/* End PBXProject section */

/* Begin PBXResourcesBuildPhase section */
		D034D59F2216AEBA0021EAFF /* Resources */ = {
			isa = PBXResourcesBuildPhase;
			buildActionMask = 2147483647;
			files = (
				D034D5B12216AEBC0021EAFF /* LaunchScreen.storyboard in Resources */,
				D034D5AE2216AEBC0021EAFF /* Assets.xcassets in Resources */,
				D034D5AC2216AEBA0021EAFF /* Main.storyboard in Resources */,
			);
			runOnlyForDeploymentPostprocessing = 0;
		};
		D034D5B72216AEBC0021EAFF /* Resources */ = {
			isa = PBXResourcesBuildPhase;
			buildActionMask = 2147483647;
			files = (
			);
			runOnlyForDeploymentPostprocessing = 0;
		};
		D034D5C22216AEBC0021EAFF /* Resources */ = {
			isa = PBXResourcesBuildPhase;
			buildActionMask = 2147483647;
			files = (
			);
			runOnlyForDeploymentPostprocessing = 0;
		};
/* End PBXResourcesBuildPhase section */

/* Begin PBXSourcesBuildPhase section */
		D034D59D2216AEBA0021EAFF /* Sources */ = {
			isa = PBXSourcesBuildPhase;
			buildActionMask = 2147483647;
			files = (
				D034D5A92216AEBA0021EAFF /* ViewController.m in Sources */,
				D034D5B42216AEBC0021EAFF /* main.m in Sources */,
				D034D5A62216AEBA0021EAFF /* AppDelegate.m in Sources */,
			);
			runOnlyForDeploymentPostprocessing = 0;
		};
		D034D5B52216AEBC0021EAFF /* Sources */ = {
			isa = PBXSourcesBuildPhase;
			buildActionMask = 2147483647;
			files = (
				D034D5BE2216AEBC0021EAFF /* LeetCodeTests.m in Sources */,
			);
			runOnlyForDeploymentPostprocessing = 0;
		};
		D034D5C02216AEBC0021EAFF /* Sources */ = {
			isa = PBXSourcesBuildPhase;
			buildActionMask = 2147483647;
			files = (
				D034D5C92216AEBC0021EAFF /* LeetCodeUITests.m in Sources */,
			);
			runOnlyForDeploymentPostprocessing = 0;
		};
/* End PBXSourcesBuildPhase section */

/* Begin PBXTargetDependency section */
		D034D5BB2216AEBC0021EAFF /* PBXTargetDependency */ = {
			isa = PBXTargetDependency;
			target = D034D5A02216AEBA0021EAFF /* LeetCode */;
			targetProxy = D034D5BA2216AEBC0021EAFF /* PBXContainerItemProxy */;
		};
		D034D5C62216AEBC0021EAFF /* PBXTargetDependency */ = {
			isa = PBXTargetDependency;
			target = D034D5A02216AEBA0021EAFF /* LeetCode */;
			targetProxy = D034D5C52216AEBC0021EAFF /* PBXContainerItemProxy */;
		};
/* End PBXTargetDependency section */

/* Begin PBXVariantGroup section */
		D034D5AA2216AEBA0021EAFF /* Main.storyboard */ = {
			isa = PBXVariantGroup;
			children = (
				D034D5AB2216AEBA0021EAFF /* Base */,
			);
			name = Main.storyboard;
			sourceTree = "<group>";
		};
		D034D5AF2216AEBC0021EAFF /* LaunchScreen.storyboard */ = {
			isa = PBXVariantGroup;
			children = (
				D034D5B02216AEBC0021EAFF /* Base */,
			);
			name = LaunchScreen.storyboard;
			sourceTree = "<group>";
		};
/* End PBXVariantGroup section */

/* Begin XCBuildConfiguration section */
		D034D5CB2216AEBC0021EAFF /* Debug */ = {
			isa = XCBuildConfiguration;
			buildSettings = {
				ALWAYS_SEARCH_USER_PATHS = NO;
				CLANG_ANALYZER_NONNULL = YES;
				CLANG_ANALYZER_NUMBER_OBJECT_CONVERSION = YES_AGGRESSIVE;
				CLANG_CXX_LANGUAGE_STANDARD = "gnu++14";
				CLANG_CXX_LIBRARY = "libc++";
				CLANG_ENABLE_MODULES = YES;
				CLANG_ENABLE_OBJC_ARC = YES;
				CLANG_ENABLE_OBJC_WEAK = YES;
				CLANG_WARN_BLOCK_CAPTURE_AUTORELEASING = YES;
				CLANG_WARN_BOOL_CONVERSION = YES;
				CLANG_WARN_COMMA = YES;
				CLANG_WARN_CONSTANT_CONVERSION = YES;
				CLANG_WARN_DEPRECATED_OBJC_IMPLEMENTATIONS = YES;
				CLANG_WARN_DIRECT_OBJC_ISA_USAGE = YES_ERROR;
				CLANG_WARN_DOCUMENTATION_COMMENTS = YES;
				CLANG_WARN_EMPTY_BODY = YES;
				CLANG_WARN_ENUM_CONVERSION = YES;
				CLANG_WARN_INFINITE_RECURSION = YES;
				CLANG_WARN_INT_CONVERSION = YES;
				CLANG_WARN_NON_LITERAL_NULL_CONVERSION = YES;
				CLANG_WARN_OBJC_IMPLICIT_RETAIN_SELF = YES;
				CLANG_WARN_OBJC_LITERAL_CONVERSION = YES;
				CLANG_WARN_OBJC_ROOT_CLASS = YES_ERROR;
				CLANG_WARN_RANGE_LOOP_ANALYSIS = YES;
				CLANG_WARN_STRICT_PROTOTYPES = YES;
				CLANG_WARN_SUSPICIOUS_MOVE = YES;
				CLANG_WARN_UNGUARDED_AVAILABILITY = YES_AGGRESSIVE;
				CLANG_WARN_UNREACHABLE_CODE = YES;
				CLANG_WARN__DUPLICATE_METHOD_MATCH = YES;
				CODE_SIGN_IDENTITY = "iPhone Developer";
				COPY_PHASE_STRIP = NO;
				DEBUG_INFORMATION_FORMAT = dwarf;
				ENABLE_STRICT_OBJC_MSGSEND = YES;
				ENABLE_TESTABILITY = YES;
				GCC_C_LANGUAGE_STANDARD = gnu11;
				GCC_DYNAMIC_NO_PIC = NO;
				GCC_NO_COMMON_BLOCKS = YES;
				GCC_OPTIMIZATION_LEVEL = 0;
				GCC_PREPROCESSOR_DEFINITIONS = (
					"DEBUG=1",
					"$(inherited)",
				);
				GCC_WARN_64_TO_32_BIT_CONVERSION = YES;
				GCC_WARN_ABOUT_RETURN_TYPE = YES_ERROR;
				GCC_WARN_UNDECLARED_SELECTOR = YES;
				GCC_WARN_UNINITIALIZED_AUTOS = YES_AGGRESSIVE;
				GCC_WARN_UNUSED_FUNCTION = YES;
				GCC_WARN_UNUSED_VARIABLE = YES;
				IPHONEOS_DEPLOYMENT_TARGET = 12.1;
				MTL_ENABLE_DEBUG_INFO = INCLUDE_SOURCE;
				MTL_FAST_MATH = YES;
				ONLY_ACTIVE_ARCH = YES;
				SDKROOT = iphoneos;
			};
			name = Debug;
		};
		D034D5CC2216AEBC0021EAFF /* Release */ = {
			isa = XCBuildConfiguration;
			buildSettings = {
				ALWAYS_SEARCH_USER_PATHS = NO;
				CLANG_ANALYZER_NONNULL = YES;
				CLANG_ANALYZER_NUMBER_OBJECT_CONVERSION = YES_AGGRESSIVE;
				CLANG_CXX_LANGUAGE_STANDARD = "gnu++14";
				CLANG_CXX_LIBRARY = "libc++";
				CLANG_ENABLE_MODULES = YES;
				CLANG_ENABLE_OBJC_ARC = YES;
				CLANG_ENABLE_OBJC_WEAK = YES;
				CLANG_WARN_BLOCK_CAPTURE_AUTORELEASING = YES;
				CLANG_WARN_BOOL_CONVERSION = YES;
				CLANG_WARN_COMMA = YES;
				CLANG_WARN_CONSTANT_CONVERSION = YES;
				CLANG_WARN_DEPRECATED_OBJC_IMPLEMENTATIONS = YES;
				CLANG_WARN_DIRECT_OBJC_ISA_USAGE = YES_ERROR;
				CLANG_WARN_DOCUMENTATION_COMMENTS = YES;
				CLANG_WARN_EMPTY_BODY = YES;
				CLANG_WARN_ENUM_CONVERSION = YES;
				CLANG_WARN_INFINITE_RECURSION = YES;
				CLANG_WARN_INT_CONVERSION = YES;
				CLANG_WARN_NON_LITERAL_NULL_CONVERSION = YES;
				CLANG_WARN_OBJC_IMPLICIT_RETAIN_SELF = YES;
				CLANG_WARN_OBJC_LITERAL_CONVERSION = YES;
				CLANG_WARN_OBJC_ROOT_CLASS = YES_ERROR;
				CLANG_WARN_RANGE_LOOP_ANALYSIS = YES;
				CLANG_WARN_STRICT_PROTOTYPES = YES;
				CLANG_WARN_SUSPICIOUS_MOVE = YES;
				CLANG_WARN_UNGUARDED_AVAILABILITY = YES_AGGRESSIVE;
				CLANG_WARN_UNREACHABLE_CODE = YES;
				CLANG_WARN__DUPLICATE_METHOD_MATCH = YES;
				CODE_SIGN_IDENTITY = "iPhone Developer";
				COPY_PHASE_STRIP = NO;
				DEBUG_INFORMATION_FORMAT = "dwarf-with-dsym";
				ENABLE_NS_ASSERTIONS = NO;
				ENABLE_STRICT_OBJC_MSGSEND = YES;
				GCC_C_LANGUAGE_STANDARD = gnu11;
				GCC_NO_COMMON_BLOCKS = YES;
				GCC_WARN_64_TO_32_BIT_CONVERSION = YES;
				GCC_WARN_ABOUT_RETURN_TYPE = YES_ERROR;
				GCC_WARN_UNDECLARED_SELECTOR = YES;
				GCC_WARN_UNINITIALIZED_AUTOS = YES_AGGRESSIVE;
				GCC_WARN_UNUSED_FUNCTION = YES;
				GCC_WARN_UNUSED_VARIABLE = YES;
				IPHONEOS_DEPLOYMENT_TARGET = 12.1;
				MTL_ENABLE_DEBUG_INFO = NO;
				MTL_FAST_MATH = YES;
				SDKROOT = iphoneos;
				VALIDATE_PRODUCT = YES;
			};
			name = Release;
		};
		D034D5CE2216AEBC0021EAFF /* Debug */ = {
			isa = XCBuildConfiguration;
			buildSettings = {
				ASSETCATALOG_COMPILER_APPICON_NAME = AppIcon;
				CODE_SIGN_STYLE = Automatic;
				INFOPLIST_FILE = LeetCode/Info.plist;
				LD_RUNPATH_SEARCH_PATHS = (
					"$(inherited)",
					"@executable_path/Frameworks",
				);
				PRODUCT_BUNDLE_IDENTIFIER = cn.com.wb.LeetCode;
				PRODUCT_NAME = "$(TARGET_NAME)";
				TARGETED_DEVICE_FAMILY = "1,2";
			};
			name = Debug;
		};
		D034D5CF2216AEBC0021EAFF /* Release */ = {
			isa = XCBuildConfiguration;
			buildSettings = {
				ASSETCATALOG_COMPILER_APPICON_NAME = AppIcon;
				CODE_SIGN_STYLE = Automatic;
				INFOPLIST_FILE = LeetCode/Info.plist;
				LD_RUNPATH_SEARCH_PATHS = (
					"$(inherited)",
					"@executable_path/Frameworks",
				);
				PRODUCT_BUNDLE_IDENTIFIER = cn.com.wb.LeetCode;
				PRODUCT_NAME = "$(TARGET_NAME)";
				TARGETED_DEVICE_FAMILY = "1,2";
			};
			name = Release;
		};
		D034D5D12216AEBC0021EAFF /* Debug */ = {
			isa = XCBuildConfiguration;
			buildSettings = {
				BUNDLE_LOADER = "$(TEST_HOST)";
				CODE_SIGN_STYLE = Automatic;
				INFOPLIST_FILE = LeetCodeTests/Info.plist;
				LD_RUNPATH_SEARCH_PATHS = (
					"$(inherited)",
					"@executable_path/Frameworks",
					"@loader_path/Frameworks",
				);
				PRODUCT_BUNDLE_IDENTIFIER = cn.com.wb.LeetCodeTests;
				PRODUCT_NAME = "$(TARGET_NAME)";
				TARGETED_DEVICE_FAMILY = "1,2";
				TEST_HOST = "$(BUILT_PRODUCTS_DIR)/LeetCode.app/LeetCode";
			};
			name = Debug;
		};
		D034D5D22216AEBC0021EAFF /* Release */ = {
			isa = XCBuildConfiguration;
			buildSettings = {
				BUNDLE_LOADER = "$(TEST_HOST)";
				CODE_SIGN_STYLE = Automatic;
				INFOPLIST_FILE = LeetCodeTests/Info.plist;
				LD_RUNPATH_SEARCH_PATHS = (
					"$(inherited)",
					"@executable_path/Frameworks",
					"@loader_path/Frameworks",
				);
				PRODUCT_BUNDLE_IDENTIFIER = cn.com.wb.LeetCodeTests;
				PRODUCT_NAME = "$(TARGET_NAME)";
				TARGETED_DEVICE_FAMILY = "1,2";
				TEST_HOST = "$(BUILT_PRODUCTS_DIR)/LeetCode.app/LeetCode";
			};
			name = Release;
		};
		D034D5D42216AEBC0021EAFF /* Debug */ = {
			isa = XCBuildConfiguration;
			buildSettings = {
				CODE_SIGN_STYLE = Automatic;
				INFOPLIST_FILE = LeetCodeUITests/Info.plist;
				LD_RUNPATH_SEARCH_PATHS = (
					"$(inherited)",
					"@executable_path/Frameworks",
					"@loader_path/Frameworks",
				);
				PRODUCT_BUNDLE_IDENTIFIER = cn.com.wb.LeetCodeUITests;
				PRODUCT_NAME = "$(TARGET_NAME)";
				TARGETED_DEVICE_FAMILY = "1,2";
				TEST_TARGET_NAME = LeetCode;
			};
			name = Debug;
		};
		D034D5D52216AEBC0021EAFF /* Release */ = {
			isa = XCBuildConfiguration;
			buildSettings = {
				CODE_SIGN_STYLE = Automatic;
				INFOPLIST_FILE = LeetCodeUITests/Info.plist;
				LD_RUNPATH_SEARCH_PATHS = (
					"$(inherited)",
					"@executable_path/Frameworks",
					"@loader_path/Frameworks",
				);
				PRODUCT_BUNDLE_IDENTIFIER = cn.com.wb.LeetCodeUITests;
				PRODUCT_NAME = "$(TARGET_NAME)";
				TARGETED_DEVICE_FAMILY = "1,2";
				TEST_TARGET_NAME = LeetCode;
			};
			name = Release;
		};
/* End XCBuildConfiguration section */

/* Begin XCConfigurationList section */
		D034D59C2216AEBA0021EAFF /* Build configuration list for PBXProject "LeetCode" */ = {
			isa = XCConfigurationList;
			buildConfigurations = (
				D034D5CB2216AEBC0021EAFF /* Debug */,
				D034D5CC2216AEBC0021EAFF /* Release */,
			);
			defaultConfigurationIsVisible = 0;
			defaultConfigurationName = Release;
		};
		D034D5CD2216AEBC0021EAFF /* Build configuration list for PBXNativeTarget "LeetCode" */ = {
			isa = XCConfigurationList;
			buildConfigurations = (
				D034D5CE2216AEBC0021EAFF /* Debug */,
				D034D5CF2216AEBC0021EAFF /* Release */,
			);
			defaultConfigurationIsVisible = 0;
			defaultConfigurationName = Release;
		};
		D034D5D02216AEBC0021EAFF /* Build configuration list for PBXNativeTarget "LeetCodeTests" */ = {
			isa = XCConfigurationList;
			buildConfigurations = (
				D034D5D12216AEBC0021EAFF /* Debug */,
				D034D5D22216AEBC0021EAFF /* Release */,
			);
			defaultConfigurationIsVisible = 0;
			defaultConfigurationName = Release;
		};
		D034D5D32216AEBC0021EAFF /* Build configuration list for PBXNativeTarget "LeetCodeUITests" */ = {
			isa = XCConfigurationList;
			buildConfigurations = (
				D034D5D42216AEBC0021EAFF /* Debug */,
				D034D5D52216AEBC0021EAFF /* Release */,
			);
			defaultConfigurationIsVisible = 0;
			defaultConfigurationName = Release;
		};
/* End XCConfigurationList section */
	};
	rootObject = D034D5992216AEBA0021EAFF /* Project object */;
}
