// !$*UTF8*$!
{
	archiveVersion = 1;
	classes = {
	};
	objectVersion = 50;
	objects = {

/* Begin PBXBuildFile section */
		D06A83FB221BF12100F5322B /* AppDelegate.m in Sources */ = {isa = PBXBuildFile; fileRef = D06A83FA221BF12100F5322B /* AppDelegate.m */; };
		D06A83FE221BF12100F5322B /* ViewController.m in Sources */ = {isa = PBXBuildFile; fileRef = D06A83FD221BF12100F5322B /* ViewController.m */; };
		D06A8401221BF12100F5322B /* Main.storyboard in Resources */ = {isa = PBXBuildFile; fileRef = D06A83FF221BF12100F5322B /* Main.storyboard */; };
		D06A8403221BF12200F5322B /* Assets.xcassets in Resources */ = {isa = PBXBuildFile; fileRef = D06A8402221BF12200F5322B /* Assets.xcassets */; };
		D06A8406221BF12200F5322B /* LaunchScreen.storyboard in Resources */ = {isa = PBXBuildFile; fileRef = D06A8404221BF12200F5322B /* LaunchScreen.storyboard */; };
		D06A8409221BF12200F5322B /* main.m in Sources */ = {isa = PBXBuildFile; fileRef = D06A8408221BF12200F5322B /* main.m */; };
		D06A8413221BF12200F5322B /* Insertion_SortTests.m in Sources */ = {isa = PBXBuildFile; fileRef = D06A8412221BF12200F5322B /* Insertion_SortTests.m */; };
		D06A841E221BF12200F5322B /* Insertion_SortUITests.m in Sources */ = {isa = PBXBuildFile; fileRef = D06A841D221BF12200F5322B /* Insertion_SortUITests.m */; };
/* End PBXBuildFile section */

/* Begin PBXContainerItemProxy section */
		D06A840F221BF12200F5322B /* PBXContainerItemProxy */ = {
			isa = PBXContainerItemProxy;
			containerPortal = D06A83EE221BF12100F5322B /* Project object */;
			proxyType = 1;
			remoteGlobalIDString = D06A83F5221BF12100F5322B;
			remoteInfo = "Insertion Sort";
		};
		D06A841A221BF12200F5322B /* PBXContainerItemProxy */ = {
			isa = PBXContainerItemProxy;
			containerPortal = D06A83EE221BF12100F5322B /* Project object */;
			proxyType = 1;
			remoteGlobalIDString = D06A83F5221BF12100F5322B;
			remoteInfo = "Insertion Sort";
		};
/* End PBXContainerItemProxy section */

/* Begin PBXFileReference section */
		D06A83F6221BF12100F5322B /* Insertion Sort.app */ = {isa = PBXFileReference; explicitFileType = wrapper.application; includeInIndex = 0; path = "Insertion Sort.app"; sourceTree = BUILT_PRODUCTS_DIR; };
		D06A83F9221BF12100F5322B /* AppDelegate.h */ = {isa = PBXFileReference; lastKnownFileType = sourcecode.c.h; path = AppDelegate.h; sourceTree = "<group>"; };
		D06A83FA221BF12100F5322B /* AppDelegate.m */ = {isa = PBXFileReference; lastKnownFileType = sourcecode.c.objc; path = AppDelegate.m; sourceTree = "<group>"; };
		D06A83FC221BF12100F5322B /* ViewController.h */ = {isa = PBXFileReference; lastKnownFileType = sourcecode.c.h; path = ViewController.h; sourceTree = "<group>"; };
		D06A83FD221BF12100F5322B /* ViewController.m */ = {isa = PBXFileReference; lastKnownFileType = sourcecode.c.objc; path = ViewController.m; sourceTree = "<group>"; };
		D06A8400221BF12100F5322B /* Base */ = {isa = PBXFileReference; lastKnownFileType = file.storyboard; name = Base; path = Base.lproj/Main.storyboard; sourceTree = "<group>"; };
		D06A8402221BF12200F5322B /* Assets.xcassets */ = {isa = PBXFileReference; lastKnownFileType = folder.assetcatalog; path = Assets.xcassets; sourceTree = "<group>"; };
		D06A8405221BF12200F5322B /* Base */ = {isa = PBXFileReference; lastKnownFileType = file.storyboard; name = Base; path = Base.lproj/LaunchScreen.storyboard; sourceTree = "<group>"; };
		D06A8407221BF12200F5322B /* Info.plist */ = {isa = PBXFileReference; lastKnownFileType = text.plist.xml; path = Info.plist; sourceTree = "<group>"; };
		D06A8408221BF12200F5322B /* main.m */ = {isa = PBXFileReference; lastKnownFileType = sourcecode.c.objc; path = main.m; sourceTree = "<group>"; };
		D06A840E221BF12200F5322B /* Insertion SortTests.xctest */ = {isa = PBXFileReference; explicitFileType = wrapper.cfbundle; includeInIndex = 0; path = "Insertion SortTests.xctest"; sourceTree = BUILT_PRODUCTS_DIR; };
		D06A8412221BF12200F5322B /* Insertion_SortTests.m */ = {isa = PBXFileReference; lastKnownFileType = sourcecode.c.objc; path = Insertion_SortTests.m; sourceTree = "<group>"; };
		D06A8414221BF12200F5322B /* Info.plist */ = {isa = PBXFileReference; lastKnownFileType = text.plist.xml; path = Info.plist; sourceTree = "<group>"; };
		D06A8419221BF12200F5322B /* Insertion SortUITests.xctest */ = {isa = PBXFileReference; explicitFileType = wrapper.cfbundle; includeInIndex = 0; path = "Insertion SortUITests.xctest"; sourceTree = BUILT_PRODUCTS_DIR; };
		D06A841D221BF12200F5322B /* Insertion_SortUITests.m */ = {isa = PBXFileReference; lastKnownFileType = sourcecode.c.objc; path = Insertion_SortUITests.m; sourceTree = "<group>"; };
		D06A841F221BF12200F5322B /* Info.plist */ = {isa = PBXFileReference; lastKnownFileType = text.plist.xml; path = Info.plist; sourceTree = "<group>"; };
/* End PBXFileReference section */

/* Begin PBXFrameworksBuildPhase section */
		D06A83F3221BF12100F5322B /* Frameworks */ = {
			isa = PBXFrameworksBuildPhase;
			buildActionMask = 2147483647;
			files = (
			);
			runOnlyForDeploymentPostprocessing = 0;
		};
		D06A840B221BF12200F5322B /* Frameworks */ = {
			isa = PBXFrameworksBuildPhase;
			buildActionMask = 2147483647;
			files = (
			);
			runOnlyForDeploymentPostprocessing = 0;
		};
		D06A8416221BF12200F5322B /* Frameworks */ = {
			isa = PBXFrameworksBuildPhase;
			buildActionMask = 2147483647;
			files = (
			);
			runOnlyForDeploymentPostprocessing = 0;
		};
/* End PBXFrameworksBuildPhase section */

/* Begin PBXGroup section */
		D06A83ED221BF12100F5322B = {
			isa = PBXGroup;
			children = (
				D06A83F8221BF12100F5322B /* Insertion Sort */,
				D06A8411221BF12200F5322B /* Insertion SortTests */,
				D06A841C221BF12200F5322B /* Insertion SortUITests */,
				D06A83F7221BF12100F5322B /* Products */,
			);
			sourceTree = "<group>";
		};
		D06A83F7221BF12100F5322B /* Products */ = {
			isa = PBXGroup;
			children = (
				D06A83F6221BF12100F5322B /* Insertion Sort.app */,
				D06A840E221BF12200F5322B /* Insertion SortTests.xctest */,
				D06A8419221BF12200F5322B /* Insertion SortUITests.xctest */,
			);
			name = Products;
			sourceTree = "<group>";
		};
		D06A83F8221BF12100F5322B /* Insertion Sort */ = {
			isa = PBXGroup;
			children = (
				D06A83F9221BF12100F5322B /* AppDelegate.h */,
				D06A83FA221BF12100F5322B /* AppDelegate.m */,
				D06A83FC221BF12100F5322B /* ViewController.h */,
				D06A83FD221BF12100F5322B /* ViewController.m */,
				D06A83FF221BF12100F5322B /* Main.storyboard */,
				D06A8402221BF12200F5322B /* Assets.xcassets */,
				D06A8404221BF12200F5322B /* LaunchScreen.storyboard */,
				D06A8407221BF12200F5322B /* Info.plist */,
				D06A8408221BF12200F5322B /* main.m */,
			);
			path = "Insertion Sort";
			sourceTree = "<group>";
		};
		D06A8411221BF12200F5322B /* Insertion SortTests */ = {
			isa = PBXGroup;
			children = (
				D06A8412221BF12200F5322B /* Insertion_SortTests.m */,
				D06A8414221BF12200F5322B /* Info.plist */,
			);
			path = "Insertion SortTests";
			sourceTree = "<group>";
		};
		D06A841C221BF12200F5322B /* Insertion SortUITests */ = {
			isa = PBXGroup;
			children = (
				D06A841D221BF12200F5322B /* Insertion_SortUITests.m */,
				D06A841F221BF12200F5322B /* Info.plist */,
			);
			path = "Insertion SortUITests";
			sourceTree = "<group>";
		};
/* End PBXGroup section */

/* Begin PBXNativeTarget section */
		D06A83F5221BF12100F5322B /* Insertion Sort */ = {
			isa = PBXNativeTarget;
			buildConfigurationList = D06A8422221BF12200F5322B /* Build configuration list for PBXNativeTarget "Insertion Sort" */;
			buildPhases = (
				D06A83F2221BF12100F5322B /* Sources */,
				D06A83F3221BF12100F5322B /* Frameworks */,
				D06A83F4221BF12100F5322B /* Resources */,
			);
			buildRules = (
			);
			dependencies = (
			);
			name = "Insertion Sort";
			productName = "Insertion Sort";
			productReference = D06A83F6221BF12100F5322B /* Insertion Sort.app */;
			productType = "com.apple.product-type.application";
		};
		D06A840D221BF12200F5322B /* Insertion SortTests */ = {
			isa = PBXNativeTarget;
			buildConfigurationList = D06A8425221BF12200F5322B /* Build configuration list for PBXNativeTarget "Insertion SortTests" */;
			buildPhases = (
				D06A840A221BF12200F5322B /* Sources */,
				D06A840B221BF12200F5322B /* Frameworks */,
				D06A840C221BF12200F5322B /* Resources */,
			);
			buildRules = (
			);
			dependencies = (
				D06A8410221BF12200F5322B /* PBXTargetDependency */,
			);
			name = "Insertion SortTests";
			productName = "Insertion SortTests";
			productReference = D06A840E221BF12200F5322B /* Insertion SortTests.xctest */;
			productType = "com.apple.product-type.bundle.unit-test";
		};
		D06A8418221BF12200F5322B /* Insertion SortUITests */ = {
			isa = PBXNativeTarget;
			buildConfigurationList = D06A8428221BF12200F5322B /* Build configuration list for PBXNativeTarget "Insertion SortUITests" */;
			buildPhases = (
				D06A8415221BF12200F5322B /* Sources */,
				D06A8416221BF12200F5322B /* Frameworks */,
				D06A8417221BF12200F5322B /* Resources */,
			);
			buildRules = (
			);
			dependencies = (
				D06A841B221BF12200F5322B /* PBXTargetDependency */,
			);
			name = "Insertion SortUITests";
			productName = "Insertion SortUITests";
			productReference = D06A8419221BF12200F5322B /* Insertion SortUITests.xctest */;
			productType = "com.apple.product-type.bundle.ui-testing";
		};
/* End PBXNativeTarget section */

/* Begin PBXProject section */
		D06A83EE221BF12100F5322B /* Project object */ = {
			isa = PBXProject;
			attributes = {
				LastUpgradeCheck = 1010;
				ORGANIZATIONNAME = wenbo;
				TargetAttributes = {
					D06A83F5221BF12100F5322B = {
						CreatedOnToolsVersion = 10.1;
					};
					D06A840D221BF12200F5322B = {
						CreatedOnToolsVersion = 10.1;
						TestTargetID = D06A83F5221BF12100F5322B;
					};
					D06A8418221BF12200F5322B = {
						CreatedOnToolsVersion = 10.1;
						TestTargetID = D06A83F5221BF12100F5322B;
					};
				};
			};
			buildConfigurationList = D06A83F1221BF12100F5322B /* Build configuration list for PBXProject "Insertion Sort" */;
			compatibilityVersion = "Xcode 9.3";
			developmentRegion = en;
			hasScannedForEncodings = 0;
			knownRegions = (
				en,
				Base,
			);
			mainGroup = D06A83ED221BF12100F5322B;
			productRefGroup = D06A83F7221BF12100F5322B /* Products */;
			projectDirPath = "";
			projectRoot = "";
			targets = (
				D06A83F5221BF12100F5322B /* Insertion Sort */,
				D06A840D221BF12200F5322B /* Insertion SortTests */,
				D06A8418221BF12200F5322B /* Insertion SortUITests */,
			);
		};
/* End PBXProject section */

/* Begin PBXResourcesBuildPhase section */
		D06A83F4221BF12100F5322B /* Resources */ = {
			isa = PBXResourcesBuildPhase;
			buildActionMask = 2147483647;
			files = (
				D06A8406221BF12200F5322B /* LaunchScreen.storyboard in Resources */,
				D06A8403221BF12200F5322B /* Assets.xcassets in Resources */,
				D06A8401221BF12100F5322B /* Main.storyboard in Resources */,
			);
			runOnlyForDeploymentPostprocessing = 0;
		};
		D06A840C221BF12200F5322B /* Resources */ = {
			isa = PBXResourcesBuildPhase;
			buildActionMask = 2147483647;
			files = (
			);
			runOnlyForDeploymentPostprocessing = 0;
		};
		D06A8417221BF12200F5322B /* Resources */ = {
			isa = PBXResourcesBuildPhase;
			buildActionMask = 2147483647;
			files = (
			);
			runOnlyForDeploymentPostprocessing = 0;
		};
/* End PBXResourcesBuildPhase section */

/* Begin PBXSourcesBuildPhase section */
		D06A83F2221BF12100F5322B /* Sources */ = {
			isa = PBXSourcesBuildPhase;
			buildActionMask = 2147483647;
			files = (
				D06A83FE221BF12100F5322B /* ViewController.m in Sources */,
				D06A8409221BF12200F5322B /* main.m in Sources */,
				D06A83FB221BF12100F5322B /* AppDelegate.m in Sources */,
			);
			runOnlyForDeploymentPostprocessing = 0;
		};
		D06A840A221BF12200F5322B /* Sources */ = {
			isa = PBXSourcesBuildPhase;
			buildActionMask = 2147483647;
			files = (
				D06A8413221BF12200F5322B /* Insertion_SortTests.m in Sources */,
			);
			runOnlyForDeploymentPostprocessing = 0;
		};
		D06A8415221BF12200F5322B /* Sources */ = {
			isa = PBXSourcesBuildPhase;
			buildActionMask = 2147483647;
			files = (
				D06A841E221BF12200F5322B /* Insertion_SortUITests.m in Sources */,
			);
			runOnlyForDeploymentPostprocessing = 0;
		};
/* End PBXSourcesBuildPhase section */

/* Begin PBXTargetDependency section */
		D06A8410221BF12200F5322B /* PBXTargetDependency */ = {
			isa = PBXTargetDependency;
			target = D06A83F5221BF12100F5322B /* Insertion Sort */;
			targetProxy = D06A840F221BF12200F5322B /* PBXContainerItemProxy */;
		};
		D06A841B221BF12200F5322B /* PBXTargetDependency */ = {
			isa = PBXTargetDependency;
			target = D06A83F5221BF12100F5322B /* Insertion Sort */;
			targetProxy = D06A841A221BF12200F5322B /* PBXContainerItemProxy */;
		};
/* End PBXTargetDependency section */

/* Begin PBXVariantGroup section */
		D06A83FF221BF12100F5322B /* Main.storyboard */ = {
			isa = PBXVariantGroup;
			children = (
				D06A8400221BF12100F5322B /* Base */,
			);
			name = Main.storyboard;
			sourceTree = "<group>";
		};
		D06A8404221BF12200F5322B /* LaunchScreen.storyboard */ = {
			isa = PBXVariantGroup;
			children = (
				D06A8405221BF12200F5322B /* Base */,
			);
			name = LaunchScreen.storyboard;
			sourceTree = "<group>";
		};
/* End PBXVariantGroup section */

/* Begin XCBuildConfiguration section */
		D06A8420221BF12200F5322B /* Debug */ = {
			isa = XCBuildConfiguration;
			buildSettings = {
				ALWAYS_SEARCH_USER_PATHS = NO;
				CLANG_ANALYZER_NONNULL = YES;
				CLANG_ANALYZER_NUMBER_OBJECT_CONVERSION = YES_AGGRESSIVE;
				CLANG_CXX_LANGUAGE_STANDARD = "gnu++14";
				CLANG_CXX_LIBRARY = "libc++";
				CLANG_ENABLE_MODULES = YES;
				CLANG_ENABLE_OBJC_ARC = YES;
				CLANG_ENABLE_OBJC_WEAK = YES;
				CLANG_WARN_BLOCK_CAPTURE_AUTORELEASING = YES;
				CLANG_WARN_BOOL_CONVERSION = YES;
				CLANG_WARN_COMMA = YES;
				CLANG_WARN_CONSTANT_CONVERSION = YES;
				CLANG_WARN_DEPRECATED_OBJC_IMPLEMENTATIONS = YES;
				CLANG_WARN_DIRECT_OBJC_ISA_USAGE = YES_ERROR;
				CLANG_WARN_DOCUMENTATION_COMMENTS = YES;
				CLANG_WARN_EMPTY_BODY = YES;
				CLANG_WARN_ENUM_CONVERSION = YES;
				CLANG_WARN_INFINITE_RECURSION = YES;
				CLANG_WARN_INT_CONVERSION = YES;
				CLANG_WARN_NON_LITERAL_NULL_CONVERSION = YES;
				CLANG_WARN_OBJC_IMPLICIT_RETAIN_SELF = YES;
				CLANG_WARN_OBJC_LITERAL_CONVERSION = YES;
				CLANG_WARN_OBJC_ROOT_CLASS = YES_ERROR;
				CLANG_WARN_RANGE_LOOP_ANALYSIS = YES;
				CLANG_WARN_STRICT_PROTOTYPES = YES;
				CLANG_WARN_SUSPICIOUS_MOVE = YES;
				CLANG_WARN_UNGUARDED_AVAILABILITY = YES_AGGRESSIVE;
				CLANG_WARN_UNREACHABLE_CODE = YES;
				CLANG_WARN__DUPLICATE_METHOD_MATCH = YES;
				CODE_SIGN_IDENTITY = "iPhone Developer";
				COPY_PHASE_STRIP = NO;
				DEBUG_INFORMATION_FORMAT = dwarf;
				ENABLE_STRICT_OBJC_MSGSEND = YES;
				ENABLE_TESTABILITY = YES;
				GCC_C_LANGUAGE_STANDARD = gnu11;
				GCC_DYNAMIC_NO_PIC = NO;
				GCC_NO_COMMON_BLOCKS = YES;
				GCC_OPTIMIZATION_LEVEL = 0;
				GCC_PREPROCESSOR_DEFINITIONS = (
					"DEBUG=1",
					"$(inherited)",
				);
				GCC_WARN_64_TO_32_BIT_CONVERSION = YES;
				GCC_WARN_ABOUT_RETURN_TYPE = YES_ERROR;
				GCC_WARN_UNDECLARED_SELECTOR = YES;
				GCC_WARN_UNINITIALIZED_AUTOS = YES_AGGRESSIVE;
				GCC_WARN_UNUSED_FUNCTION = YES;
				GCC_WARN_UNUSED_VARIABLE = YES;
				IPHONEOS_DEPLOYMENT_TARGET = 12.1;
				MTL_ENABLE_DEBUG_INFO = INCLUDE_SOURCE;
				MTL_FAST_MATH = YES;
				ONLY_ACTIVE_ARCH = YES;
				SDKROOT = iphoneos;
			};
			name = Debug;
		};
		D06A8421221BF12200F5322B /* Release */ = {
			isa = XCBuildConfiguration;
			buildSettings = {
				ALWAYS_SEARCH_USER_PATHS = NO;
				CLANG_ANALYZER_NONNULL = YES;
				CLANG_ANALYZER_NUMBER_OBJECT_CONVERSION = YES_AGGRESSIVE;
				CLANG_CXX_LANGUAGE_STANDARD = "gnu++14";
				CLANG_CXX_LIBRARY = "libc++";
				CLANG_ENABLE_MODULES = YES;
				CLANG_ENABLE_OBJC_ARC = YES;
				CLANG_ENABLE_OBJC_WEAK = YES;
				CLANG_WARN_BLOCK_CAPTURE_AUTORELEASING = YES;
				CLANG_WARN_BOOL_CONVERSION = YES;
				CLANG_WARN_COMMA = YES;
				CLANG_WARN_CONSTANT_CONVERSION = YES;
				CLANG_WARN_DEPRECATED_OBJC_IMPLEMENTATIONS = YES;
				CLANG_WARN_DIRECT_OBJC_ISA_USAGE = YES_ERROR;
				CLANG_WARN_DOCUMENTATION_COMMENTS = YES;
				CLANG_WARN_EMPTY_BODY = YES;
				CLANG_WARN_ENUM_CONVERSION = YES;
				CLANG_WARN_INFINITE_RECURSION = YES;
				CLANG_WARN_INT_CONVERSION = YES;
				CLANG_WARN_NON_LITERAL_NULL_CONVERSION = YES;
				CLANG_WARN_OBJC_IMPLICIT_RETAIN_SELF = YES;
				CLANG_WARN_OBJC_LITERAL_CONVERSION = YES;
				CLANG_WARN_OBJC_ROOT_CLASS = YES_ERROR;
				CLANG_WARN_RANGE_LOOP_ANALYSIS = YES;
				CLANG_WARN_STRICT_PROTOTYPES = YES;
				CLANG_WARN_SUSPICIOUS_MOVE = YES;
				CLANG_WARN_UNGUARDED_AVAILABILITY = YES_AGGRESSIVE;
				CLANG_WARN_UNREACHABLE_CODE = YES;
				CLANG_WARN__DUPLICATE_METHOD_MATCH = YES;
				CODE_SIGN_IDENTITY = "iPhone Developer";
				COPY_PHASE_STRIP = NO;
				DEBUG_INFORMATION_FORMAT = "dwarf-with-dsym";
				ENABLE_NS_ASSERTIONS = NO;
				ENABLE_STRICT_OBJC_MSGSEND = YES;
				GCC_C_LANGUAGE_STANDARD = gnu11;
				GCC_NO_COMMON_BLOCKS = YES;
				GCC_WARN_64_TO_32_BIT_CONVERSION = YES;
				GCC_WARN_ABOUT_RETURN_TYPE = YES_ERROR;
				GCC_WARN_UNDECLARED_SELECTOR = YES;
				GCC_WARN_UNINITIALIZED_AUTOS = YES_AGGRESSIVE;
				GCC_WARN_UNUSED_FUNCTION = YES;
				GCC_WARN_UNUSED_VARIABLE = YES;
				IPHONEOS_DEPLOYMENT_TARGET = 12.1;
				MTL_ENABLE_DEBUG_INFO = NO;
				MTL_FAST_MATH = YES;
				SDKROOT = iphoneos;
				VALIDATE_PRODUCT = YES;
			};
			name = Release;
		};
		D06A8423221BF12200F5322B /* Debug */ = {
			isa = XCBuildConfiguration;
			buildSettings = {
				ASSETCATALOG_COMPILER_APPICON_NAME = AppIcon;
				CODE_SIGN_STYLE = Automatic;
				INFOPLIST_FILE = "Insertion Sort/Info.plist";
				LD_RUNPATH_SEARCH_PATHS = (
					"$(inherited)",
					"@executable_path/Frameworks",
				);
				PRODUCT_BUNDLE_IDENTIFIER = "cn.com.wb.Insertion-Sort";
				PRODUCT_NAME = "$(TARGET_NAME)";
				TARGETED_DEVICE_FAMILY = "1,2";
			};
			name = Debug;
		};
		D06A8424221BF12200F5322B /* Release */ = {
			isa = XCBuildConfiguration;
			buildSettings = {
				ASSETCATALOG_COMPILER_APPICON_NAME = AppIcon;
				CODE_SIGN_STYLE = Automatic;
				INFOPLIST_FILE = "Insertion Sort/Info.plist";
				LD_RUNPATH_SEARCH_PATHS = (
					"$(inherited)",
					"@executable_path/Frameworks",
				);
				PRODUCT_BUNDLE_IDENTIFIER = "cn.com.wb.Insertion-Sort";
				PRODUCT_NAME = "$(TARGET_NAME)";
				TARGETED_DEVICE_FAMILY = "1,2";
			};
			name = Release;
		};
		D06A8426221BF12200F5322B /* Debug */ = {
			isa = XCBuildConfiguration;
			buildSettings = {
				BUNDLE_LOADER = "$(TEST_HOST)";
				CODE_SIGN_STYLE = Automatic;
				INFOPLIST_FILE = "Insertion SortTests/Info.plist";
				LD_RUNPATH_SEARCH_PATHS = (
					"$(inherited)",
					"@executable_path/Frameworks",
					"@loader_path/Frameworks",
				);
				PRODUCT_BUNDLE_IDENTIFIER = "cn.com.wb.Insertion-SortTests";
				PRODUCT_NAME = "$(TARGET_NAME)";
				TARGETED_DEVICE_FAMILY = "1,2";
				TEST_HOST = "$(BUILT_PRODUCTS_DIR)/Insertion Sort.app/Insertion Sort";
			};
			name = Debug;
		};
		D06A8427221BF12200F5322B /* Release */ = {
			isa = XCBuildConfiguration;
			buildSettings = {
				BUNDLE_LOADER = "$(TEST_HOST)";
				CODE_SIGN_STYLE = Automatic;
				INFOPLIST_FILE = "Insertion SortTests/Info.plist";
				LD_RUNPATH_SEARCH_PATHS = (
					"$(inherited)",
					"@executable_path/Frameworks",
					"@loader_path/Frameworks",
				);
				PRODUCT_BUNDLE_IDENTIFIER = "cn.com.wb.Insertion-SortTests";
				PRODUCT_NAME = "$(TARGET_NAME)";
				TARGETED_DEVICE_FAMILY = "1,2";
				TEST_HOST = "$(BUILT_PRODUCTS_DIR)/Insertion Sort.app/Insertion Sort";
			};
			name = Release;
		};
		D06A8429221BF12200F5322B /* Debug */ = {
			isa = XCBuildConfiguration;
			buildSettings = {
				CODE_SIGN_STYLE = Automatic;
				INFOPLIST_FILE = "Insertion SortUITests/Info.plist";
				LD_RUNPATH_SEARCH_PATHS = (
					"$(inherited)",
					"@executable_path/Frameworks",
					"@loader_path/Frameworks",
				);
				PRODUCT_BUNDLE_IDENTIFIER = "cn.com.wb.Insertion-SortUITests";
				PRODUCT_NAME = "$(TARGET_NAME)";
				TARGETED_DEVICE_FAMILY = "1,2";
				TEST_TARGET_NAME = "Insertion Sort";
			};
			name = Debug;
		};
		D06A842A221BF12200F5322B /* Release */ = {
			isa = XCBuildConfiguration;
			buildSettings = {
				CODE_SIGN_STYLE = Automatic;
				INFOPLIST_FILE = "Insertion SortUITests/Info.plist";
				LD_RUNPATH_SEARCH_PATHS = (
					"$(inherited)",
					"@executable_path/Frameworks",
					"@loader_path/Frameworks",
				);
				PRODUCT_BUNDLE_IDENTIFIER = "cn.com.wb.Insertion-SortUITests";
				PRODUCT_NAME = "$(TARGET_NAME)";
				TARGETED_DEVICE_FAMILY = "1,2";
				TEST_TARGET_NAME = "Insertion Sort";
			};
			name = Release;
		};
/* End XCBuildConfiguration section */

/* Begin XCConfigurationList section */
		D06A83F1221BF12100F5322B /* Build configuration list for PBXProject "Insertion Sort" */ = {
			isa = XCConfigurationList;
			buildConfigurations = (
				D06A8420221BF12200F5322B /* Debug */,
				D06A8421221BF12200F5322B /* Release */,
			);
			defaultConfigurationIsVisible = 0;
			defaultConfigurationName = Release;
		};
		D06A8422221BF12200F5322B /* Build configuration list for PBXNativeTarget "Insertion Sort" */ = {
			isa = XCConfigurationList;
			buildConfigurations = (
				D06A8423221BF12200F5322B /* Debug */,
				D06A8424221BF12200F5322B /* Release */,
			);
			defaultConfigurationIsVisible = 0;
			defaultConfigurationName = Release;
		};
		D06A8425221BF12200F5322B /* Build configuration list for PBXNativeTarget "Insertion SortTests" */ = {
			isa = XCConfigurationList;
			buildConfigurations = (
				D06A8426221BF12200F5322B /* Debug */,
				D06A8427221BF12200F5322B /* Release */,
			);
			defaultConfigurationIsVisible = 0;
			defaultConfigurationName = Release;
		};
		D06A8428221BF12200F5322B /* Build configuration list for PBXNativeTarget "Insertion SortUITests" */ = {
			isa = XCConfigurationList;
			buildConfigurations = (
				D06A8429221BF12200F5322B /* Debug */,
				D06A842A221BF12200F5322B /* Release */,
			);
			defaultConfigurationIsVisible = 0;
			defaultConfigurationName = Release;
		};
/* End XCConfigurationList section */
	};
	rootObject = D06A83EE221BF12100F5322B /* Project object */;
}
