// !$*UTF8*$!
{
	archiveVersion = 1;
	classes = {
	};
	objectVersion = 50;
	objects = {

/* Begin PBXBuildFile section */
		D06A833E221BA52A00F5322B /* AppDelegate.m in Sources */ = {isa = PBXBuildFile; fileRef = D06A833D221BA52A00F5322B /* AppDelegate.m */; };
		D06A8341221BA52A00F5322B /* ViewController.m in Sources */ = {isa = PBXBuildFile; fileRef = D06A8340221BA52A00F5322B /* ViewController.m */; };
		D06A8344221BA52A00F5322B /* Main.storyboard in Resources */ = {isa = PBXBuildFile; fileRef = D06A8342221BA52A00F5322B /* Main.storyboard */; };
		D06A8346221BA52B00F5322B /* Assets.xcassets in Resources */ = {isa = PBXBuildFile; fileRef = D06A8345221BA52B00F5322B /* Assets.xcassets */; };
		D06A8349221BA52B00F5322B /* LaunchScreen.storyboard in Resources */ = {isa = PBXBuildFile; fileRef = D06A8347221BA52B00F5322B /* LaunchScreen.storyboard */; };
		D06A834C221BA52B00F5322B /* main.m in Sources */ = {isa = PBXBuildFile; fileRef = D06A834B221BA52B00F5322B /* main.m */; };
		D06A8356221BA52B00F5322B /* Brute_Force__Brute_Force__Longest_Substring_Without_Repeating_CharactersTests.m in Sources */ = {isa = PBXBuildFile; fileRef = D06A8355221BA52B00F5322B /* Brute_Force__Brute_Force__Longest_Substring_Without_Repeating_CharactersTests.m */; };
		D06A8361221BA52B00F5322B /* Brute_Force__Brute_Force__Longest_Substring_Without_Repeating_CharactersUITests.m in Sources */ = {isa = PBXBuildFile; fileRef = D06A8360221BA52B00F5322B /* Brute_Force__Brute_Force__Longest_Substring_Without_Repeating_CharactersUITests.m */; };
/* End PBXBuildFile section */

/* Begin PBXContainerItemProxy section */
		D06A8352221BA52B00F5322B /* PBXContainerItemProxy */ = {
			isa = PBXContainerItemProxy;
			containerPortal = D06A8331221BA52A00F5322B /* Project object */;
			proxyType = 1;
			remoteGlobalIDString = D06A8338221BA52A00F5322B;
			remoteInfo = "Brute Force  Brute Force  Longest Substring Without Repeating Characters";
		};
		D06A835D221BA52B00F5322B /* PBXContainerItemProxy */ = {
			isa = PBXContainerItemProxy;
			containerPortal = D06A8331221BA52A00F5322B /* Project object */;
			proxyType = 1;
			remoteGlobalIDString = D06A8338221BA52A00F5322B;
			remoteInfo = "Brute Force  Brute Force  Longest Substring Without Repeating Characters";
		};
/* End PBXContainerItemProxy section */

/* Begin PBXFileReference section */
		D06A8339221BA52A00F5322B /* Brute Force  Brute Force  Longest Substring Without Repeating Characters.app */ = {isa = PBXFileReference; explicitFileType = wrapper.application; includeInIndex = 0; path = "Brute Force  Brute Force  Longest Substring Without Repeating Characters.app"; sourceTree = BUILT_PRODUCTS_DIR; };
		D06A833C221BA52A00F5322B /* AppDelegate.h */ = {isa = PBXFileReference; lastKnownFileType = sourcecode.c.h; path = AppDelegate.h; sourceTree = "<group>"; };
		D06A833D221BA52A00F5322B /* AppDelegate.m */ = {isa = PBXFileReference; lastKnownFileType = sourcecode.c.objc; path = AppDelegate.m; sourceTree = "<group>"; };
		D06A833F221BA52A00F5322B /* ViewController.h */ = {isa = PBXFileReference; lastKnownFileType = sourcecode.c.h; path = ViewController.h; sourceTree = "<group>"; };
		D06A8340221BA52A00F5322B /* ViewController.m */ = {isa = PBXFileReference; lastKnownFileType = sourcecode.c.objc; path = ViewController.m; sourceTree = "<group>"; };
		D06A8343221BA52A00F5322B /* Base */ = {isa = PBXFileReference; lastKnownFileType = file.storyboard; name = Base; path = Base.lproj/Main.storyboard; sourceTree = "<group>"; };
		D06A8345221BA52B00F5322B /* Assets.xcassets */ = {isa = PBXFileReference; lastKnownFileType = folder.assetcatalog; path = Assets.xcassets; sourceTree = "<group>"; };
		D06A8348221BA52B00F5322B /* Base */ = {isa = PBXFileReference; lastKnownFileType = file.storyboard; name = Base; path = Base.lproj/LaunchScreen.storyboard; sourceTree = "<group>"; };
		D06A834A221BA52B00F5322B /* Info.plist */ = {isa = PBXFileReference; lastKnownFileType = text.plist.xml; path = Info.plist; sourceTree = "<group>"; };
		D06A834B221BA52B00F5322B /* main.m */ = {isa = PBXFileReference; lastKnownFileType = sourcecode.c.objc; path = main.m; sourceTree = "<group>"; };
		D06A8351221BA52B00F5322B /* Brute Force  Brute Force  Longest Substring Without Repeating CharactersTests.xctest */ = {isa = PBXFileReference; explicitFileType = wrapper.cfbundle; includeInIndex = 0; path = "Brute Force  Brute Force  Longest Substring Without Repeating CharactersTests.xctest"; sourceTree = BUILT_PRODUCTS_DIR; };
		D06A8355221BA52B00F5322B /* Brute_Force__Brute_Force__Longest_Substring_Without_Repeating_CharactersTests.m */ = {isa = PBXFileReference; lastKnownFileType = sourcecode.c.objc; path = Brute_Force__Brute_Force__Longest_Substring_Without_Repeating_CharactersTests.m; sourceTree = "<group>"; };
		D06A8357221BA52B00F5322B /* Info.plist */ = {isa = PBXFileReference; lastKnownFileType = text.plist.xml; path = Info.plist; sourceTree = "<group>"; };
		D06A835C221BA52B00F5322B /* Brute Force  Brute Force  Longest Substring Without Repeating CharactersUITests.xctest */ = {isa = PBXFileReference; explicitFileType = wrapper.cfbundle; includeInIndex = 0; path = "Brute Force  Brute Force  Longest Substring Without Repeating CharactersUITests.xctest"; sourceTree = BUILT_PRODUCTS_DIR; };
		D06A8360221BA52B00F5322B /* Brute_Force__Brute_Force__Longest_Substring_Without_Repeating_CharactersUITests.m */ = {isa = PBXFileReference; lastKnownFileType = sourcecode.c.objc; path = Brute_Force__Brute_Force__Longest_Substring_Without_Repeating_CharactersUITests.m; sourceTree = "<group>"; };
		D06A8362221BA52B00F5322B /* Info.plist */ = {isa = PBXFileReference; lastKnownFileType = text.plist.xml; path = Info.plist; sourceTree = "<group>"; };
/* End PBXFileReference section */

/* Begin PBXFrameworksBuildPhase section */
		D06A8336221BA52A00F5322B /* Frameworks */ = {
			isa = PBXFrameworksBuildPhase;
			buildActionMask = 2147483647;
			files = (
			);
			runOnlyForDeploymentPostprocessing = 0;
		};
		D06A834E221BA52B00F5322B /* Frameworks */ = {
			isa = PBXFrameworksBuildPhase;
			buildActionMask = 2147483647;
			files = (
			);
			runOnlyForDeploymentPostprocessing = 0;
		};
		D06A8359221BA52B00F5322B /* Frameworks */ = {
			isa = PBXFrameworksBuildPhase;
			buildActionMask = 2147483647;
			files = (
			);
			runOnlyForDeploymentPostprocessing = 0;
		};
/* End PBXFrameworksBuildPhase section */

/* Begin PBXGroup section */
		D06A8330221BA52A00F5322B = {
			isa = PBXGroup;
			children = (
				D06A833B221BA52A00F5322B /* Brute Force  Brute Force  Longest Substring Without Repeating Characters */,
				D06A8354221BA52B00F5322B /* Brute Force  Brute Force  Longest Substring Without Repeating CharactersTests */,
				D06A835F221BA52B00F5322B /* Brute Force  Brute Force  Longest Substring Without Repeating CharactersUITests */,
				D06A833A221BA52A00F5322B /* Products */,
			);
			sourceTree = "<group>";
		};
		D06A833A221BA52A00F5322B /* Products */ = {
			isa = PBXGroup;
			children = (
				D06A8339221BA52A00F5322B /* Brute Force  Brute Force  Longest Substring Without Repeating Characters.app */,
				D06A8351221BA52B00F5322B /* Brute Force  Brute Force  Longest Substring Without Repeating CharactersTests.xctest */,
				D06A835C221BA52B00F5322B /* Brute Force  Brute Force  Longest Substring Without Repeating CharactersUITests.xctest */,
			);
			name = Products;
			sourceTree = "<group>";
		};
		D06A833B221BA52A00F5322B /* Brute Force  Brute Force  Longest Substring Without Repeating Characters */ = {
			isa = PBXGroup;
			children = (
				D06A833C221BA52A00F5322B /* AppDelegate.h */,
				D06A833D221BA52A00F5322B /* AppDelegate.m */,
				D06A833F221BA52A00F5322B /* ViewController.h */,
				D06A8340221BA52A00F5322B /* ViewController.m */,
				D06A8342221BA52A00F5322B /* Main.storyboard */,
				D06A8345221BA52B00F5322B /* Assets.xcassets */,
				D06A8347221BA52B00F5322B /* LaunchScreen.storyboard */,
				D06A834A221BA52B00F5322B /* Info.plist */,
				D06A834B221BA52B00F5322B /* main.m */,
			);
			path = "Brute Force  Brute Force  Longest Substring Without Repeating Characters";
			sourceTree = "<group>";
		};
		D06A8354221BA52B00F5322B /* Brute Force  Brute Force  Longest Substring Without Repeating CharactersTests */ = {
			isa = PBXGroup;
			children = (
				D06A8355221BA52B00F5322B /* Brute_Force__Brute_Force__Longest_Substring_Without_Repeating_CharactersTests.m */,
				D06A8357221BA52B00F5322B /* Info.plist */,
			);
			path = "Brute Force  Brute Force  Longest Substring Without Repeating CharactersTests";
			sourceTree = "<group>";
		};
		D06A835F221BA52B00F5322B /* Brute Force  Brute Force  Longest Substring Without Repeating CharactersUITests */ = {
			isa = PBXGroup;
			children = (
				D06A8360221BA52B00F5322B /* Brute_Force__Brute_Force__Longest_Substring_Without_Repeating_CharactersUITests.m */,
				D06A8362221BA52B00F5322B /* Info.plist */,
			);
			path = "Brute Force  Brute Force  Longest Substring Without Repeating CharactersUITests";
			sourceTree = "<group>";
		};
/* End PBXGroup section */

/* Begin PBXNativeTarget section */
		D06A8338221BA52A00F5322B /* Brute Force  Brute Force  Longest Substring Without Repeating Characters */ = {
			isa = PBXNativeTarget;
			buildConfigurationList = D06A8365221BA52B00F5322B /* Build configuration list for PBXNativeTarget "Brute Force  Brute Force  Longest Substring Without Repeating Characters" */;
			buildPhases = (
				D06A8335221BA52A00F5322B /* Sources */,
				D06A8336221BA52A00F5322B /* Frameworks */,
				D06A8337221BA52A00F5322B /* Resources */,
			);
			buildRules = (
			);
			dependencies = (
			);
			name = "Brute Force  Brute Force  Longest Substring Without Repeating Characters";
			productName = "Brute Force  Brute Force  Longest Substring Without Repeating Characters";
			productReference = D06A8339221BA52A00F5322B /* Brute Force  Brute Force  Longest Substring Without Repeating Characters.app */;
			productType = "com.apple.product-type.application";
		};
		D06A8350221BA52B00F5322B /* Brute Force  Brute Force  Longest Substring Without Repeating CharactersTests */ = {
			isa = PBXNativeTarget;
			buildConfigurationList = D06A8368221BA52B00F5322B /* Build configuration list for PBXNativeTarget "Brute Force  Brute Force  Longest Substring Without Repeating CharactersTests" */;
			buildPhases = (
				D06A834D221BA52B00F5322B /* Sources */,
				D06A834E221BA52B00F5322B /* Frameworks */,
				D06A834F221BA52B00F5322B /* Resources */,
			);
			buildRules = (
			);
			dependencies = (
				D06A8353221BA52B00F5322B /* PBXTargetDependency */,
			);
			name = "Brute Force  Brute Force  Longest Substring Without Repeating CharactersTests";
			productName = "Brute Force  Brute Force  Longest Substring Without Repeating CharactersTests";
			productReference = D06A8351221BA52B00F5322B /* Brute Force  Brute Force  Longest Substring Without Repeating CharactersTests.xctest */;
			productType = "com.apple.product-type.bundle.unit-test";
		};
		D06A835B221BA52B00F5322B /* Brute Force  Brute Force  Longest Substring Without Repeating CharactersUITests */ = {
			isa = PBXNativeTarget;
			buildConfigurationList = D06A836B221BA52B00F5322B /* Build configuration list for PBXNativeTarget "Brute Force  Brute Force  Longest Substring Without Repeating CharactersUITests" */;
			buildPhases = (
				D06A8358221BA52B00F5322B /* Sources */,
				D06A8359221BA52B00F5322B /* Frameworks */,
				D06A835A221BA52B00F5322B /* Resources */,
			);
			buildRules = (
			);
			dependencies = (
				D06A835E221BA52B00F5322B /* PBXTargetDependency */,
			);
			name = "Brute Force  Brute Force  Longest Substring Without Repeating CharactersUITests";
			productName = "Brute Force  Brute Force  Longest Substring Without Repeating CharactersUITests";
			productReference = D06A835C221BA52B00F5322B /* Brute Force  Brute Force  Longest Substring Without Repeating CharactersUITests.xctest */;
			productType = "com.apple.product-type.bundle.ui-testing";
		};
/* End PBXNativeTarget section */

/* Begin PBXProject section */
		D06A8331221BA52A00F5322B /* Project object */ = {
			isa = PBXProject;
			attributes = {
				LastUpgradeCheck = 1010;
				ORGANIZATIONNAME = wenbo;
				TargetAttributes = {
					D06A8338221BA52A00F5322B = {
						CreatedOnToolsVersion = 10.1;
					};
					D06A8350221BA52B00F5322B = {
						CreatedOnToolsVersion = 10.1;
						TestTargetID = D06A8338221BA52A00F5322B;
					};
					D06A835B221BA52B00F5322B = {
						CreatedOnToolsVersion = 10.1;
						TestTargetID = D06A8338221BA52A00F5322B;
					};
				};
			};
			buildConfigurationList = D06A8334221BA52A00F5322B /* Build configuration list for PBXProject "Brute Force  Brute Force  Longest Substring Without Repeating Characters" */;
			compatibilityVersion = "Xcode 9.3";
			developmentRegion = en;
			hasScannedForEncodings = 0;
			knownRegions = (
				en,
				Base,
			);
			mainGroup = D06A8330221BA52A00F5322B;
			productRefGroup = D06A833A221BA52A00F5322B /* Products */;
			projectDirPath = "";
			projectRoot = "";
			targets = (
				D06A8338221BA52A00F5322B /* Brute Force  Brute Force  Longest Substring Without Repeating Characters */,
				D06A8350221BA52B00F5322B /* Brute Force  Brute Force  Longest Substring Without Repeating CharactersTests */,
				D06A835B221BA52B00F5322B /* Brute Force  Brute Force  Longest Substring Without Repeating CharactersUITests */,
			);
		};
/* End PBXProject section */

/* Begin PBXResourcesBuildPhase section */
		D06A8337221BA52A00F5322B /* Resources */ = {
			isa = PBXResourcesBuildPhase;
			buildActionMask = 2147483647;
			files = (
				D06A8349221BA52B00F5322B /* LaunchScreen.storyboard in Resources */,
				D06A8346221BA52B00F5322B /* Assets.xcassets in Resources */,
				D06A8344221BA52A00F5322B /* Main.storyboard in Resources */,
			);
			runOnlyForDeploymentPostprocessing = 0;
		};
		D06A834F221BA52B00F5322B /* Resources */ = {
			isa = PBXResourcesBuildPhase;
			buildActionMask = 2147483647;
			files = (
			);
			runOnlyForDeploymentPostprocessing = 0;
		};
		D06A835A221BA52B00F5322B /* Resources */ = {
			isa = PBXResourcesBuildPhase;
			buildActionMask = 2147483647;
			files = (
			);
			runOnlyForDeploymentPostprocessing = 0;
		};
/* End PBXResourcesBuildPhase section */

/* Begin PBXSourcesBuildPhase section */
		D06A8335221BA52A00F5322B /* Sources */ = {
			isa = PBXSourcesBuildPhase;
			buildActionMask = 2147483647;
			files = (
				D06A8341221BA52A00F5322B /* ViewController.m in Sources */,
				D06A834C221BA52B00F5322B /* main.m in Sources */,
				D06A833E221BA52A00F5322B /* AppDelegate.m in Sources */,
			);
			runOnlyForDeploymentPostprocessing = 0;
		};
		D06A834D221BA52B00F5322B /* Sources */ = {
			isa = PBXSourcesBuildPhase;
			buildActionMask = 2147483647;
			files = (
				D06A8356221BA52B00F5322B /* Brute_Force__Brute_Force__Longest_Substring_Without_Repeating_CharactersTests.m in Sources */,
			);
			runOnlyForDeploymentPostprocessing = 0;
		};
		D06A8358221BA52B00F5322B /* Sources */ = {
			isa = PBXSourcesBuildPhase;
			buildActionMask = 2147483647;
			files = (
				D06A8361221BA52B00F5322B /* Brute_Force__Brute_Force__Longest_Substring_Without_Repeating_CharactersUITests.m in Sources */,
			);
			runOnlyForDeploymentPostprocessing = 0;
		};
/* End PBXSourcesBuildPhase section */

/* Begin PBXTargetDependency section */
		D06A8353221BA52B00F5322B /* PBXTargetDependency */ = {
			isa = PBXTargetDependency;
			target = D06A8338221BA52A00F5322B /* Brute Force  Brute Force  Longest Substring Without Repeating Characters */;
			targetProxy = D06A8352221BA52B00F5322B /* PBXContainerItemProxy */;
		};
		D06A835E221BA52B00F5322B /* PBXTargetDependency */ = {
			isa = PBXTargetDependency;
			target = D06A8338221BA52A00F5322B /* Brute Force  Brute Force  Longest Substring Without Repeating Characters */;
			targetProxy = D06A835D221BA52B00F5322B /* PBXContainerItemProxy */;
		};
/* End PBXTargetDependency section */

/* Begin PBXVariantGroup section */
		D06A8342221BA52A00F5322B /* Main.storyboard */ = {
			isa = PBXVariantGroup;
			children = (
				D06A8343221BA52A00F5322B /* Base */,
			);
			name = Main.storyboard;
			sourceTree = "<group>";
		};
		D06A8347221BA52B00F5322B /* LaunchScreen.storyboard */ = {
			isa = PBXVariantGroup;
			children = (
				D06A8348221BA52B00F5322B /* Base */,
			);
			name = LaunchScreen.storyboard;
			sourceTree = "<group>";
		};
/* End PBXVariantGroup section */

/* Begin XCBuildConfiguration section */
		D06A8363221BA52B00F5322B /* Debug */ = {
			isa = XCBuildConfiguration;
			buildSettings = {
				ALWAYS_SEARCH_USER_PATHS = NO;
				CLANG_ANALYZER_NONNULL = YES;
				CLANG_ANALYZER_NUMBER_OBJECT_CONVERSION = YES_AGGRESSIVE;
				CLANG_CXX_LANGUAGE_STANDARD = "gnu++14";
				CLANG_CXX_LIBRARY = "libc++";
				CLANG_ENABLE_MODULES = YES;
				CLANG_ENABLE_OBJC_ARC = YES;
				CLANG_ENABLE_OBJC_WEAK = YES;
				CLANG_WARN_BLOCK_CAPTURE_AUTORELEASING = YES;
				CLANG_WARN_BOOL_CONVERSION = YES;
				CLANG_WARN_COMMA = YES;
				CLANG_WARN_CONSTANT_CONVERSION = YES;
				CLANG_WARN_DEPRECATED_OBJC_IMPLEMENTATIONS = YES;
				CLANG_WARN_DIRECT_OBJC_ISA_USAGE = YES_ERROR;
				CLANG_WARN_DOCUMENTATION_COMMENTS = YES;
				CLANG_WARN_EMPTY_BODY = YES;
				CLANG_WARN_ENUM_CONVERSION = YES;
				CLANG_WARN_INFINITE_RECURSION = YES;
				CLANG_WARN_INT_CONVERSION = YES;
				CLANG_WARN_NON_LITERAL_NULL_CONVERSION = YES;
				CLANG_WARN_OBJC_IMPLICIT_RETAIN_SELF = YES;
				CLANG_WARN_OBJC_LITERAL_CONVERSION = YES;
				CLANG_WARN_OBJC_ROOT_CLASS = YES_ERROR;
				CLANG_WARN_RANGE_LOOP_ANALYSIS = YES;
				CLANG_WARN_STRICT_PROTOTYPES = YES;
				CLANG_WARN_SUSPICIOUS_MOVE = YES;
				CLANG_WARN_UNGUARDED_AVAILABILITY = YES_AGGRESSIVE;
				CLANG_WARN_UNREACHABLE_CODE = YES;
				CLANG_WARN__DUPLICATE_METHOD_MATCH = YES;
				CODE_SIGN_IDENTITY = "iPhone Developer";
				COPY_PHASE_STRIP = NO;
				DEBUG_INFORMATION_FORMAT = dwarf;
				ENABLE_STRICT_OBJC_MSGSEND = YES;
				ENABLE_TESTABILITY = YES;
				GCC_C_LANGUAGE_STANDARD = gnu11;
				GCC_DYNAMIC_NO_PIC = NO;
				GCC_NO_COMMON_BLOCKS = YES;
				GCC_OPTIMIZATION_LEVEL = 0;
				GCC_PREPROCESSOR_DEFINITIONS = (
					"DEBUG=1",
					"$(inherited)",
				);
				GCC_WARN_64_TO_32_BIT_CONVERSION = YES;
				GCC_WARN_ABOUT_RETURN_TYPE = YES_ERROR;
				GCC_WARN_UNDECLARED_SELECTOR = YES;
				GCC_WARN_UNINITIALIZED_AUTOS = YES_AGGRESSIVE;
				GCC_WARN_UNUSED_FUNCTION = YES;
				GCC_WARN_UNUSED_VARIABLE = YES;
				IPHONEOS_DEPLOYMENT_TARGET = 12.1;
				MTL_ENABLE_DEBUG_INFO = INCLUDE_SOURCE;
				MTL_FAST_MATH = YES;
				ONLY_ACTIVE_ARCH = YES;
				SDKROOT = iphoneos;
			};
			name = Debug;
		};
		D06A8364221BA52B00F5322B /* Release */ = {
			isa = XCBuildConfiguration;
			buildSettings = {
				ALWAYS_SEARCH_USER_PATHS = NO;
				CLANG_ANALYZER_NONNULL = YES;
				CLANG_ANALYZER_NUMBER_OBJECT_CONVERSION = YES_AGGRESSIVE;
				CLANG_CXX_LANGUAGE_STANDARD = "gnu++14";
				CLANG_CXX_LIBRARY = "libc++";
				CLANG_ENABLE_MODULES = YES;
				CLANG_ENABLE_OBJC_ARC = YES;
				CLANG_ENABLE_OBJC_WEAK = YES;
				CLANG_WARN_BLOCK_CAPTURE_AUTORELEASING = YES;
				CLANG_WARN_BOOL_CONVERSION = YES;
				CLANG_WARN_COMMA = YES;
				CLANG_WARN_CONSTANT_CONVERSION = YES;
				CLANG_WARN_DEPRECATED_OBJC_IMPLEMENTATIONS = YES;
				CLANG_WARN_DIRECT_OBJC_ISA_USAGE = YES_ERROR;
				CLANG_WARN_DOCUMENTATION_COMMENTS = YES;
				CLANG_WARN_EMPTY_BODY = YES;
				CLANG_WARN_ENUM_CONVERSION = YES;
				CLANG_WARN_INFINITE_RECURSION = YES;
				CLANG_WARN_INT_CONVERSION = YES;
				CLANG_WARN_NON_LITERAL_NULL_CONVERSION = YES;
				CLANG_WARN_OBJC_IMPLICIT_RETAIN_SELF = YES;
				CLANG_WARN_OBJC_LITERAL_CONVERSION = YES;
				CLANG_WARN_OBJC_ROOT_CLASS = YES_ERROR;
				CLANG_WARN_RANGE_LOOP_ANALYSIS = YES;
				CLANG_WARN_STRICT_PROTOTYPES = YES;
				CLANG_WARN_SUSPICIOUS_MOVE = YES;
				CLANG_WARN_UNGUARDED_AVAILABILITY = YES_AGGRESSIVE;
				CLANG_WARN_UNREACHABLE_CODE = YES;
				CLANG_WARN__DUPLICATE_METHOD_MATCH = YES;
				CODE_SIGN_IDENTITY = "iPhone Developer";
				COPY_PHASE_STRIP = NO;
				DEBUG_INFORMATION_FORMAT = "dwarf-with-dsym";
				ENABLE_NS_ASSERTIONS = NO;
				ENABLE_STRICT_OBJC_MSGSEND = YES;
				GCC_C_LANGUAGE_STANDARD = gnu11;
				GCC_NO_COMMON_BLOCKS = YES;
				GCC_WARN_64_TO_32_BIT_CONVERSION = YES;
				GCC_WARN_ABOUT_RETURN_TYPE = YES_ERROR;
				GCC_WARN_UNDECLARED_SELECTOR = YES;
				GCC_WARN_UNINITIALIZED_AUTOS = YES_AGGRESSIVE;
				GCC_WARN_UNUSED_FUNCTION = YES;
				GCC_WARN_UNUSED_VARIABLE = YES;
				IPHONEOS_DEPLOYMENT_TARGET = 12.1;
				MTL_ENABLE_DEBUG_INFO = NO;
				MTL_FAST_MATH = YES;
				SDKROOT = iphoneos;
				VALIDATE_PRODUCT = YES;
			};
			name = Release;
		};
		D06A8366221BA52B00F5322B /* Debug */ = {
			isa = XCBuildConfiguration;
			buildSettings = {
				ASSETCATALOG_COMPILER_APPICON_NAME = AppIcon;
				CODE_SIGN_STYLE = Automatic;
				INFOPLIST_FILE = "Brute Force  Brute Force  Longest Substring Without Repeating Characters/Info.plist";
				LD_RUNPATH_SEARCH_PATHS = (
					"$(inherited)",
					"@executable_path/Frameworks",
				);
				PRODUCT_BUNDLE_IDENTIFIER = "cn.com.wb.Brute-Force--Brute-Force--Longest-Substring-Without-Repeating-Characters";
				PRODUCT_NAME = "$(TARGET_NAME)";
				TARGETED_DEVICE_FAMILY = "1,2";
			};
			name = Debug;
		};
		D06A8367221BA52B00F5322B /* Release */ = {
			isa = XCBuildConfiguration;
			buildSettings = {
				ASSETCATALOG_COMPILER_APPICON_NAME = AppIcon;
				CODE_SIGN_STYLE = Automatic;
				INFOPLIST_FILE = "Brute Force  Brute Force  Longest Substring Without Repeating Characters/Info.plist";
				LD_RUNPATH_SEARCH_PATHS = (
					"$(inherited)",
					"@executable_path/Frameworks",
				);
				PRODUCT_BUNDLE_IDENTIFIER = "cn.com.wb.Brute-Force--Brute-Force--Longest-Substring-Without-Repeating-Characters";
				PRODUCT_NAME = "$(TARGET_NAME)";
				TARGETED_DEVICE_FAMILY = "1,2";
			};
			name = Release;
		};
		D06A8369221BA52B00F5322B /* Debug */ = {
			isa = XCBuildConfiguration;
			buildSettings = {
				BUNDLE_LOADER = "$(TEST_HOST)";
				CODE_SIGN_STYLE = Automatic;
				INFOPLIST_FILE = "Brute Force  Brute Force  Longest Substring Without Repeating CharactersTests/Info.plist";
				LD_RUNPATH_SEARCH_PATHS = (
					"$(inherited)",
					"@executable_path/Frameworks",
					"@loader_path/Frameworks",
				);
				PRODUCT_BUNDLE_IDENTIFIER = "cn.com.wb.Brute-Force--Brute-Force--Longest-Substring-Without-Repeating-CharactersTests";
				PRODUCT_NAME = "$(TARGET_NAME)";
				TARGETED_DEVICE_FAMILY = "1,2";
				TEST_HOST = "$(BUILT_PRODUCTS_DIR)/Brute Force  Brute Force  Longest Substring Without Repeating Characters.app/Brute Force  Brute Force  Longest Substring Without Repeating Characters";
			};
			name = Debug;
		};
		D06A836A221BA52B00F5322B /* Release */ = {
			isa = XCBuildConfiguration;
			buildSettings = {
				BUNDLE_LOADER = "$(TEST_HOST)";
				CODE_SIGN_STYLE = Automatic;
				INFOPLIST_FILE = "Brute Force  Brute Force  Longest Substring Without Repeating CharactersTests/Info.plist";
				LD_RUNPATH_SEARCH_PATHS = (
					"$(inherited)",
					"@executable_path/Frameworks",
					"@loader_path/Frameworks",
				);
				PRODUCT_BUNDLE_IDENTIFIER = "cn.com.wb.Brute-Force--Brute-Force--Longest-Substring-Without-Repeating-CharactersTests";
				PRODUCT_NAME = "$(TARGET_NAME)";
				TARGETED_DEVICE_FAMILY = "1,2";
				TEST_HOST = "$(BUILT_PRODUCTS_DIR)/Brute Force  Brute Force  Longest Substring Without Repeating Characters.app/Brute Force  Brute Force  Longest Substring Without Repeating Characters";
			};
			name = Release;
		};
		D06A836C221BA52B00F5322B /* Debug */ = {
			isa = XCBuildConfiguration;
			buildSettings = {
				CODE_SIGN_STYLE = Automatic;
				INFOPLIST_FILE = "Brute Force  Brute Force  Longest Substring Without Repeating CharactersUITests/Info.plist";
				LD_RUNPATH_SEARCH_PATHS = (
					"$(inherited)",
					"@executable_path/Frameworks",
					"@loader_path/Frameworks",
				);
				PRODUCT_BUNDLE_IDENTIFIER = "cn.com.wb.Brute-Force--Brute-Force--Longest-Substring-Without-Repeating-CharactersUITests";
				PRODUCT_NAME = "$(TARGET_NAME)";
				TARGETED_DEVICE_FAMILY = "1,2";
				TEST_TARGET_NAME = "Brute Force  Brute Force  Longest Substring Without Repeating Characters";
			};
			name = Debug;
		};
		D06A836D221BA52B00F5322B /* Release */ = {
			isa = XCBuildConfiguration;
			buildSettings = {
				CODE_SIGN_STYLE = Automatic;
				INFOPLIST_FILE = "Brute Force  Brute Force  Longest Substring Without Repeating CharactersUITests/Info.plist";
				LD_RUNPATH_SEARCH_PATHS = (
					"$(inherited)",
					"@executable_path/Frameworks",
					"@loader_path/Frameworks",
				);
				PRODUCT_BUNDLE_IDENTIFIER = "cn.com.wb.Brute-Force--Brute-Force--Longest-Substring-Without-Repeating-CharactersUITests";
				PRODUCT_NAME = "$(TARGET_NAME)";
				TARGETED_DEVICE_FAMILY = "1,2";
				TEST_TARGET_NAME = "Brute Force  Brute Force  Longest Substring Without Repeating Characters";
			};
			name = Release;
		};
/* End XCBuildConfiguration section */

/* Begin XCConfigurationList section */
		D06A8334221BA52A00F5322B /* Build configuration list for PBXProject "Brute Force  Brute Force  Longest Substring Without Repeating Characters" */ = {
			isa = XCConfigurationList;
			buildConfigurations = (
				D06A8363221BA52B00F5322B /* Debug */,
				D06A8364221BA52B00F5322B /* Release */,
			);
			defaultConfigurationIsVisible = 0;
			defaultConfigurationName = Release;
		};
		D06A8365221BA52B00F5322B /* Build configuration list for PBXNativeTarget "Brute Force  Brute Force  Longest Substring Without Repeating Characters" */ = {
			isa = XCConfigurationList;
			buildConfigurations = (
				D06A8366221BA52B00F5322B /* Debug */,
				D06A8367221BA52B00F5322B /* Release */,
			);
			defaultConfigurationIsVisible = 0;
			defaultConfigurationName = Release;
		};
		D06A8368221BA52B00F5322B /* Build configuration list for PBXNativeTarget "Brute Force  Brute Force  Longest Substring Without Repeating CharactersTests" */ = {
			isa = XCConfigurationList;
			buildConfigurations = (
				D06A8369221BA52B00F5322B /* Debug */,
				D06A836A221BA52B00F5322B /* Release */,
			);
			defaultConfigurationIsVisible = 0;
			defaultConfigurationName = Release;
		};
		D06A836B221BA52B00F5322B /* Build configuration list for PBXNativeTarget "Brute Force  Brute Force  Longest Substring Without Repeating CharactersUITests" */ = {
			isa = XCConfigurationList;
			buildConfigurations = (
				D06A836C221BA52B00F5322B /* Debug */,
				D06A836D221BA52B00F5322B /* Release */,
			);
			defaultConfigurationIsVisible = 0;
			defaultConfigurationName = Release;
		};
/* End XCConfigurationList section */
	};
	rootObject = D06A8331221BA52A00F5322B /* Project object */;
}
