// !$*UTF8*$!
{
	archiveVersion = 1;
	classes = {
	};
	objectVersion = 50;
	objects = {

/* Begin PBXBuildFile section */
		D06A837F221BD94700F5322B /* AppDelegate.m in Sources */ = {isa = PBXBuildFile; fileRef = D06A837E221BD94700F5322B /* AppDelegate.m */; };
		D06A8382221BD94700F5322B /* ViewController.m in Sources */ = {isa = PBXBuildFile; fileRef = D06A8381221BD94700F5322B /* ViewController.m */; };
		D06A8385221BD94700F5322B /* Main.storyboard in Resources */ = {isa = PBXBuildFile; fileRef = D06A8383221BD94700F5322B /* Main.storyboard */; };
		D06A8387221BD94800F5322B /* Assets.xcassets in Resources */ = {isa = PBXBuildFile; fileRef = D06A8386221BD94800F5322B /* Assets.xcassets */; };
		D06A838A221BD94800F5322B /* LaunchScreen.storyboard in Resources */ = {isa = PBXBuildFile; fileRef = D06A8388221BD94800F5322B /* LaunchScreen.storyboard */; };
		D06A838D221BD94800F5322B /* main.m in Sources */ = {isa = PBXBuildFile; fileRef = D06A838C221BD94800F5322B /* main.m */; };
		D06A8397221BD94800F5322B /* Bubble_SortTests.m in Sources */ = {isa = PBXBuildFile; fileRef = D06A8396221BD94800F5322B /* Bubble_SortTests.m */; };
		D06A83A2221BD94800F5322B /* Bubble_SortUITests.m in Sources */ = {isa = PBXBuildFile; fileRef = D06A83A1221BD94800F5322B /* Bubble_SortUITests.m */; };
/* End PBXBuildFile section */

/* Begin PBXContainerItemProxy section */
		D06A8393221BD94800F5322B /* PBXContainerItemProxy */ = {
			isa = PBXContainerItemProxy;
			containerPortal = D06A8372221BD94700F5322B /* Project object */;
			proxyType = 1;
			remoteGlobalIDString = D06A8379221BD94700F5322B;
			remoteInfo = "Bubble Sort";
		};
		D06A839E221BD94800F5322B /* PBXContainerItemProxy */ = {
			isa = PBXContainerItemProxy;
			containerPortal = D06A8372221BD94700F5322B /* Project object */;
			proxyType = 1;
			remoteGlobalIDString = D06A8379221BD94700F5322B;
			remoteInfo = "Bubble Sort";
		};
/* End PBXContainerItemProxy section */

/* Begin PBXFileReference section */
		D06A837A221BD94700F5322B /* Bubble Sort.app */ = {isa = PBXFileReference; explicitFileType = wrapper.application; includeInIndex = 0; path = "Bubble Sort.app"; sourceTree = BUILT_PRODUCTS_DIR; };
		D06A837D221BD94700F5322B /* AppDelegate.h */ = {isa = PBXFileReference; lastKnownFileType = sourcecode.c.h; path = AppDelegate.h; sourceTree = "<group>"; };
		D06A837E221BD94700F5322B /* AppDelegate.m */ = {isa = PBXFileReference; lastKnownFileType = sourcecode.c.objc; path = AppDelegate.m; sourceTree = "<group>"; };
		D06A8380221BD94700F5322B /* ViewController.h */ = {isa = PBXFileReference; lastKnownFileType = sourcecode.c.h; path = ViewController.h; sourceTree = "<group>"; };
		D06A8381221BD94700F5322B /* ViewController.m */ = {isa = PBXFileReference; lastKnownFileType = sourcecode.c.objc; path = ViewController.m; sourceTree = "<group>"; };
		D06A8384221BD94700F5322B /* Base */ = {isa = PBXFileReference; lastKnownFileType = file.storyboard; name = Base; path = Base.lproj/Main.storyboard; sourceTree = "<group>"; };
		D06A8386221BD94800F5322B /* Assets.xcassets */ = {isa = PBXFileReference; lastKnownFileType = folder.assetcatalog; path = Assets.xcassets; sourceTree = "<group>"; };
		D06A8389221BD94800F5322B /* Base */ = {isa = PBXFileReference; lastKnownFileType = file.storyboard; name = Base; path = Base.lproj/LaunchScreen.storyboard; sourceTree = "<group>"; };
		D06A838B221BD94800F5322B /* Info.plist */ = {isa = PBXFileReference; lastKnownFileType = text.plist.xml; path = Info.plist; sourceTree = "<group>"; };
		D06A838C221BD94800F5322B /* main.m */ = {isa = PBXFileReference; lastKnownFileType = sourcecode.c.objc; path = main.m; sourceTree = "<group>"; };
		D06A8392221BD94800F5322B /* Bubble SortTests.xctest */ = {isa = PBXFileReference; explicitFileType = wrapper.cfbundle; includeInIndex = 0; path = "Bubble SortTests.xctest"; sourceTree = BUILT_PRODUCTS_DIR; };
		D06A8396221BD94800F5322B /* Bubble_SortTests.m */ = {isa = PBXFileReference; lastKnownFileType = sourcecode.c.objc; path = Bubble_SortTests.m; sourceTree = "<group>"; };
		D06A8398221BD94800F5322B /* Info.plist */ = {isa = PBXFileReference; lastKnownFileType = text.plist.xml; path = Info.plist; sourceTree = "<group>"; };
		D06A839D221BD94800F5322B /* Bubble SortUITests.xctest */ = {isa = PBXFileReference; explicitFileType = wrapper.cfbundle; includeInIndex = 0; path = "Bubble SortUITests.xctest"; sourceTree = BUILT_PRODUCTS_DIR; };
		D06A83A1221BD94800F5322B /* Bubble_SortUITests.m */ = {isa = PBXFileReference; lastKnownFileType = sourcecode.c.objc; path = Bubble_SortUITests.m; sourceTree = "<group>"; };
		D06A83A3221BD94800F5322B /* Info.plist */ = {isa = PBXFileReference; lastKnownFileType = text.plist.xml; path = Info.plist; sourceTree = "<group>"; };
/* End PBXFileReference section */

/* Begin PBXFrameworksBuildPhase section */
		D06A8377221BD94700F5322B /* Frameworks */ = {
			isa = PBXFrameworksBuildPhase;
			buildActionMask = 2147483647;
			files = (
			);
			runOnlyForDeploymentPostprocessing = 0;
		};
		D06A838F221BD94800F5322B /* Frameworks */ = {
			isa = PBXFrameworksBuildPhase;
			buildActionMask = 2147483647;
			files = (
			);
			runOnlyForDeploymentPostprocessing = 0;
		};
		D06A839A221BD94800F5322B /* Frameworks */ = {
			isa = PBXFrameworksBuildPhase;
			buildActionMask = 2147483647;
			files = (
			);
			runOnlyForDeploymentPostprocessing = 0;
		};
/* End PBXFrameworksBuildPhase section */

/* Begin PBXGroup section */
		D06A8371221BD94700F5322B = {
			isa = PBXGroup;
			children = (
				D06A837C221BD94700F5322B /* Bubble Sort */,
				D06A8395221BD94800F5322B /* Bubble SortTests */,
				D06A83A0221BD94800F5322B /* Bubble SortUITests */,
				D06A837B221BD94700F5322B /* Products */,
			);
			sourceTree = "<group>";
		};
		D06A837B221BD94700F5322B /* Products */ = {
			isa = PBXGroup;
			children = (
				D06A837A221BD94700F5322B /* Bubble Sort.app */,
				D06A8392221BD94800F5322B /* Bubble SortTests.xctest */,
				D06A839D221BD94800F5322B /* Bubble SortUITests.xctest */,
			);
			name = Products;
			sourceTree = "<group>";
		};
		D06A837C221BD94700F5322B /* Bubble Sort */ = {
			isa = PBXGroup;
			children = (
				D06A837D221BD94700F5322B /* AppDelegate.h */,
				D06A837E221BD94700F5322B /* AppDelegate.m */,
				D06A8380221BD94700F5322B /* ViewController.h */,
				D06A8381221BD94700F5322B /* ViewController.m */,
				D06A8383221BD94700F5322B /* Main.storyboard */,
				D06A8386221BD94800F5322B /* Assets.xcassets */,
				D06A8388221BD94800F5322B /* LaunchScreen.storyboard */,
				D06A838B221BD94800F5322B /* Info.plist */,
				D06A838C221BD94800F5322B /* main.m */,
			);
			path = "Bubble Sort";
			sourceTree = "<group>";
		};
		D06A8395221BD94800F5322B /* Bubble SortTests */ = {
			isa = PBXGroup;
			children = (
				D06A8396221BD94800F5322B /* Bubble_SortTests.m */,
				D06A8398221BD94800F5322B /* Info.plist */,
			);
			path = "Bubble SortTests";
			sourceTree = "<group>";
		};
		D06A83A0221BD94800F5322B /* Bubble SortUITests */ = {
			isa = PBXGroup;
			children = (
				D06A83A1221BD94800F5322B /* Bubble_SortUITests.m */,
				D06A83A3221BD94800F5322B /* Info.plist */,
			);
			path = "Bubble SortUITests";
			sourceTree = "<group>";
		};
/* End PBXGroup section */

/* Begin PBXNativeTarget section */
		D06A8379221BD94700F5322B /* Bubble Sort */ = {
			isa = PBXNativeTarget;
			buildConfigurationList = D06A83A6221BD94800F5322B /* Build configuration list for PBXNativeTarget "Bubble Sort" */;
			buildPhases = (
				D06A8376221BD94700F5322B /* Sources */,
				D06A8377221BD94700F5322B /* Frameworks */,
				D06A8378221BD94700F5322B /* Resources */,
			);
			buildRules = (
			);
			dependencies = (
			);
			name = "Bubble Sort";
			productName = "Bubble Sort";
			productReference = D06A837A221BD94700F5322B /* Bubble Sort.app */;
			productType = "com.apple.product-type.application";
		};
		D06A8391221BD94800F5322B /* Bubble SortTests */ = {
			isa = PBXNativeTarget;
			buildConfigurationList = D06A83A9221BD94800F5322B /* Build configuration list for PBXNativeTarget "Bubble SortTests" */;
			buildPhases = (
				D06A838E221BD94800F5322B /* Sources */,
				D06A838F221BD94800F5322B /* Frameworks */,
				D06A8390221BD94800F5322B /* Resources */,
			);
			buildRules = (
			);
			dependencies = (
				D06A8394221BD94800F5322B /* PBXTargetDependency */,
			);
			name = "Bubble SortTests";
			productName = "Bubble SortTests";
			productReference = D06A8392221BD94800F5322B /* Bubble SortTests.xctest */;
			productType = "com.apple.product-type.bundle.unit-test";
		};
		D06A839C221BD94800F5322B /* Bubble SortUITests */ = {
			isa = PBXNativeTarget;
			buildConfigurationList = D06A83AC221BD94800F5322B /* Build configuration list for PBXNativeTarget "Bubble SortUITests" */;
			buildPhases = (
				D06A8399221BD94800F5322B /* Sources */,
				D06A839A221BD94800F5322B /* Frameworks */,
				D06A839B221BD94800F5322B /* Resources */,
			);
			buildRules = (
			);
			dependencies = (
				D06A839F221BD94800F5322B /* PBXTargetDependency */,
			);
			name = "Bubble SortUITests";
			productName = "Bubble SortUITests";
			productReference = D06A839D221BD94800F5322B /* Bubble SortUITests.xctest */;
			productType = "com.apple.product-type.bundle.ui-testing";
		};
/* End PBXNativeTarget section */

/* Begin PBXProject section */
		D06A8372221BD94700F5322B /* Project object */ = {
			isa = PBXProject;
			attributes = {
				LastUpgradeCheck = 1010;
				ORGANIZATIONNAME = wenbo;
				TargetAttributes = {
					D06A8379221BD94700F5322B = {
						CreatedOnToolsVersion = 10.1;
					};
					D06A8391221BD94800F5322B = {
						CreatedOnToolsVersion = 10.1;
						TestTargetID = D06A8379221BD94700F5322B;
					};
					D06A839C221BD94800F5322B = {
						CreatedOnToolsVersion = 10.1;
						TestTargetID = D06A8379221BD94700F5322B;
					};
				};
			};
			buildConfigurationList = D06A8375221BD94700F5322B /* Build configuration list for PBXProject "Bubble Sort" */;
			compatibilityVersion = "Xcode 9.3";
			developmentRegion = en;
			hasScannedForEncodings = 0;
			knownRegions = (
				en,
				Base,
			);
			mainGroup = D06A8371221BD94700F5322B;
			productRefGroup = D06A837B221BD94700F5322B /* Products */;
			projectDirPath = "";
			projectRoot = "";
			targets = (
				D06A8379221BD94700F5322B /* Bubble Sort */,
				D06A8391221BD94800F5322B /* Bubble SortTests */,
				D06A839C221BD94800F5322B /* Bubble SortUITests */,
			);
		};
/* End PBXProject section */

/* Begin PBXResourcesBuildPhase section */
		D06A8378221BD94700F5322B /* Resources */ = {
			isa = PBXResourcesBuildPhase;
			buildActionMask = 2147483647;
			files = (
				D06A838A221BD94800F5322B /* LaunchScreen.storyboard in Resources */,
				D06A8387221BD94800F5322B /* Assets.xcassets in Resources */,
				D06A8385221BD94700F5322B /* Main.storyboard in Resources */,
			);
			runOnlyForDeploymentPostprocessing = 0;
		};
		D06A8390221BD94800F5322B /* Resources */ = {
			isa = PBXResourcesBuildPhase;
			buildActionMask = 2147483647;
			files = (
			);
			runOnlyForDeploymentPostprocessing = 0;
		};
		D06A839B221BD94800F5322B /* Resources */ = {
			isa = PBXResourcesBuildPhase;
			buildActionMask = 2147483647;
			files = (
			);
			runOnlyForDeploymentPostprocessing = 0;
		};
/* End PBXResourcesBuildPhase section */

/* Begin PBXSourcesBuildPhase section */
		D06A8376221BD94700F5322B /* Sources */ = {
			isa = PBXSourcesBuildPhase;
			buildActionMask = 2147483647;
			files = (
				D06A8382221BD94700F5322B /* ViewController.m in Sources */,
				D06A838D221BD94800F5322B /* main.m in Sources */,
				D06A837F221BD94700F5322B /* AppDelegate.m in Sources */,
			);
			runOnlyForDeploymentPostprocessing = 0;
		};
		D06A838E221BD94800F5322B /* Sources */ = {
			isa = PBXSourcesBuildPhase;
			buildActionMask = 2147483647;
			files = (
				D06A8397221BD94800F5322B /* Bubble_SortTests.m in Sources */,
			);
			runOnlyForDeploymentPostprocessing = 0;
		};
		D06A8399221BD94800F5322B /* Sources */ = {
			isa = PBXSourcesBuildPhase;
			buildActionMask = 2147483647;
			files = (
				D06A83A2221BD94800F5322B /* Bubble_SortUITests.m in Sources */,
			);
			runOnlyForDeploymentPostprocessing = 0;
		};
/* End PBXSourcesBuildPhase section */

/* Begin PBXTargetDependency section */
		D06A8394221BD94800F5322B /* PBXTargetDependency */ = {
			isa = PBXTargetDependency;
			target = D06A8379221BD94700F5322B /* Bubble Sort */;
			targetProxy = D06A8393221BD94800F5322B /* PBXContainerItemProxy */;
		};
		D06A839F221BD94800F5322B /* PBXTargetDependency */ = {
			isa = PBXTargetDependency;
			target = D06A8379221BD94700F5322B /* Bubble Sort */;
			targetProxy = D06A839E221BD94800F5322B /* PBXContainerItemProxy */;
		};
/* End PBXTargetDependency section */

/* Begin PBXVariantGroup section */
		D06A8383221BD94700F5322B /* Main.storyboard */ = {
			isa = PBXVariantGroup;
			children = (
				D06A8384221BD94700F5322B /* Base */,
			);
			name = Main.storyboard;
			sourceTree = "<group>";
		};
		D06A8388221BD94800F5322B /* LaunchScreen.storyboard */ = {
			isa = PBXVariantGroup;
			children = (
				D06A8389221BD94800F5322B /* Base */,
			);
			name = LaunchScreen.storyboard;
			sourceTree = "<group>";
		};
/* End PBXVariantGroup section */

/* Begin XCBuildConfiguration section */
		D06A83A4221BD94800F5322B /* Debug */ = {
			isa = XCBuildConfiguration;
			buildSettings = {
				ALWAYS_SEARCH_USER_PATHS = NO;
				CLANG_ANALYZER_NONNULL = YES;
				CLANG_ANALYZER_NUMBER_OBJECT_CONVERSION = YES_AGGRESSIVE;
				CLANG_CXX_LANGUAGE_STANDARD = "gnu++14";
				CLANG_CXX_LIBRARY = "libc++";
				CLANG_ENABLE_MODULES = YES;
				CLANG_ENABLE_OBJC_ARC = YES;
				CLANG_ENABLE_OBJC_WEAK = YES;
				CLANG_WARN_BLOCK_CAPTURE_AUTORELEASING = YES;
				CLANG_WARN_BOOL_CONVERSION = YES;
				CLANG_WARN_COMMA = YES;
				CLANG_WARN_CONSTANT_CONVERSION = YES;
				CLANG_WARN_DEPRECATED_OBJC_IMPLEMENTATIONS = YES;
				CLANG_WARN_DIRECT_OBJC_ISA_USAGE = YES_ERROR;
				CLANG_WARN_DOCUMENTATION_COMMENTS = YES;
				CLANG_WARN_EMPTY_BODY = YES;
				CLANG_WARN_ENUM_CONVERSION = YES;
				CLANG_WARN_INFINITE_RECURSION = YES;
				CLANG_WARN_INT_CONVERSION = YES;
				CLANG_WARN_NON_LITERAL_NULL_CONVERSION = YES;
				CLANG_WARN_OBJC_IMPLICIT_RETAIN_SELF = YES;
				CLANG_WARN_OBJC_LITERAL_CONVERSION = YES;
				CLANG_WARN_OBJC_ROOT_CLASS = YES_ERROR;
				CLANG_WARN_RANGE_LOOP_ANALYSIS = YES;
				CLANG_WARN_STRICT_PROTOTYPES = YES;
				CLANG_WARN_SUSPICIOUS_MOVE = YES;
				CLANG_WARN_UNGUARDED_AVAILABILITY = YES_AGGRESSIVE;
				CLANG_WARN_UNREACHABLE_CODE = YES;
				CLANG_WARN__DUPLICATE_METHOD_MATCH = YES;
				CODE_SIGN_IDENTITY = "iPhone Developer";
				COPY_PHASE_STRIP = NO;
				DEBUG_INFORMATION_FORMAT = dwarf;
				ENABLE_STRICT_OBJC_MSGSEND = YES;
				ENABLE_TESTABILITY = YES;
				GCC_C_LANGUAGE_STANDARD = gnu11;
				GCC_DYNAMIC_NO_PIC = NO;
				GCC_NO_COMMON_BLOCKS = YES;
				GCC_OPTIMIZATION_LEVEL = 0;
				GCC_PREPROCESSOR_DEFINITIONS = (
					"DEBUG=1",
					"$(inherited)",
				);
				GCC_WARN_64_TO_32_BIT_CONVERSION = YES;
				GCC_WARN_ABOUT_RETURN_TYPE = YES_ERROR;
				GCC_WARN_UNDECLARED_SELECTOR = YES;
				GCC_WARN_UNINITIALIZED_AUTOS = YES_AGGRESSIVE;
				GCC_WARN_UNUSED_FUNCTION = YES;
				GCC_WARN_UNUSED_VARIABLE = YES;
				IPHONEOS_DEPLOYMENT_TARGET = 12.1;
				MTL_ENABLE_DEBUG_INFO = INCLUDE_SOURCE;
				MTL_FAST_MATH = YES;
				ONLY_ACTIVE_ARCH = YES;
				SDKROOT = iphoneos;
			};
			name = Debug;
		};
		D06A83A5221BD94800F5322B /* Release */ = {
			isa = XCBuildConfiguration;
			buildSettings = {
				ALWAYS_SEARCH_USER_PATHS = NO;
				CLANG_ANALYZER_NONNULL = YES;
				CLANG_ANALYZER_NUMBER_OBJECT_CONVERSION = YES_AGGRESSIVE;
				CLANG_CXX_LANGUAGE_STANDARD = "gnu++14";
				CLANG_CXX_LIBRARY = "libc++";
				CLANG_ENABLE_MODULES = YES;
				CLANG_ENABLE_OBJC_ARC = YES;
				CLANG_ENABLE_OBJC_WEAK = YES;
				CLANG_WARN_BLOCK_CAPTURE_AUTORELEASING = YES;
				CLANG_WARN_BOOL_CONVERSION = YES;
				CLANG_WARN_COMMA = YES;
				CLANG_WARN_CONSTANT_CONVERSION = YES;
				CLANG_WARN_DEPRECATED_OBJC_IMPLEMENTATIONS = YES;
				CLANG_WARN_DIRECT_OBJC_ISA_USAGE = YES_ERROR;
				CLANG_WARN_DOCUMENTATION_COMMENTS = YES;
				CLANG_WARN_EMPTY_BODY = YES;
				CLANG_WARN_ENUM_CONVERSION = YES;
				CLANG_WARN_INFINITE_RECURSION = YES;
				CLANG_WARN_INT_CONVERSION = YES;
				CLANG_WARN_NON_LITERAL_NULL_CONVERSION = YES;
				CLANG_WARN_OBJC_IMPLICIT_RETAIN_SELF = YES;
				CLANG_WARN_OBJC_LITERAL_CONVERSION = YES;
				CLANG_WARN_OBJC_ROOT_CLASS = YES_ERROR;
				CLANG_WARN_RANGE_LOOP_ANALYSIS = YES;
				CLANG_WARN_STRICT_PROTOTYPES = YES;
				CLANG_WARN_SUSPICIOUS_MOVE = YES;
				CLANG_WARN_UNGUARDED_AVAILABILITY = YES_AGGRESSIVE;
				CLANG_WARN_UNREACHABLE_CODE = YES;
				CLANG_WARN__DUPLICATE_METHOD_MATCH = YES;
				CODE_SIGN_IDENTITY = "iPhone Developer";
				COPY_PHASE_STRIP = NO;
				DEBUG_INFORMATION_FORMAT = "dwarf-with-dsym";
				ENABLE_NS_ASSERTIONS = NO;
				ENABLE_STRICT_OBJC_MSGSEND = YES;
				GCC_C_LANGUAGE_STANDARD = gnu11;
				GCC_NO_COMMON_BLOCKS = YES;
				GCC_WARN_64_TO_32_BIT_CONVERSION = YES;
				GCC_WARN_ABOUT_RETURN_TYPE = YES_ERROR;
				GCC_WARN_UNDECLARED_SELECTOR = YES;
				GCC_WARN_UNINITIALIZED_AUTOS = YES_AGGRESSIVE;
				GCC_WARN_UNUSED_FUNCTION = YES;
				GCC_WARN_UNUSED_VARIABLE = YES;
				IPHONEOS_DEPLOYMENT_TARGET = 12.1;
				MTL_ENABLE_DEBUG_INFO = NO;
				MTL_FAST_MATH = YES;
				SDKROOT = iphoneos;
				VALIDATE_PRODUCT = YES;
			};
			name = Release;
		};
		D06A83A7221BD94800F5322B /* Debug */ = {
			isa = XCBuildConfiguration;
			buildSettings = {
				ASSETCATALOG_COMPILER_APPICON_NAME = AppIcon;
				CODE_SIGN_STYLE = Automatic;
				INFOPLIST_FILE = "Bubble Sort/Info.plist";
				LD_RUNPATH_SEARCH_PATHS = (
					"$(inherited)",
					"@executable_path/Frameworks",
				);
				PRODUCT_BUNDLE_IDENTIFIER = "cn.com.wb.Bubble-Sort";
				PRODUCT_NAME = "$(TARGET_NAME)";
				TARGETED_DEVICE_FAMILY = "1,2";
			};
			name = Debug;
		};
		D06A83A8221BD94800F5322B /* Release */ = {
			isa = XCBuildConfiguration;
			buildSettings = {
				ASSETCATALOG_COMPILER_APPICON_NAME = AppIcon;
				CODE_SIGN_STYLE = Automatic;
				INFOPLIST_FILE = "Bubble Sort/Info.plist";
				LD_RUNPATH_SEARCH_PATHS = (
					"$(inherited)",
					"@executable_path/Frameworks",
				);
				PRODUCT_BUNDLE_IDENTIFIER = "cn.com.wb.Bubble-Sort";
				PRODUCT_NAME = "$(TARGET_NAME)";
				TARGETED_DEVICE_FAMILY = "1,2";
			};
			name = Release;
		};
		D06A83AA221BD94800F5322B /* Debug */ = {
			isa = XCBuildConfiguration;
			buildSettings = {
				BUNDLE_LOADER = "$(TEST_HOST)";
				CODE_SIGN_STYLE = Automatic;
				INFOPLIST_FILE = "Bubble SortTests/Info.plist";
				LD_RUNPATH_SEARCH_PATHS = (
					"$(inherited)",
					"@executable_path/Frameworks",
					"@loader_path/Frameworks",
				);
				PRODUCT_BUNDLE_IDENTIFIER = "cn.com.wb.Bubble-SortTests";
				PRODUCT_NAME = "$(TARGET_NAME)";
				TARGETED_DEVICE_FAMILY = "1,2";
				TEST_HOST = "$(BUILT_PRODUCTS_DIR)/Bubble Sort.app/Bubble Sort";
			};
			name = Debug;
		};
		D06A83AB221BD94800F5322B /* Release */ = {
			isa = XCBuildConfiguration;
			buildSettings = {
				BUNDLE_LOADER = "$(TEST_HOST)";
				CODE_SIGN_STYLE = Automatic;
				INFOPLIST_FILE = "Bubble SortTests/Info.plist";
				LD_RUNPATH_SEARCH_PATHS = (
					"$(inherited)",
					"@executable_path/Frameworks",
					"@loader_path/Frameworks",
				);
				PRODUCT_BUNDLE_IDENTIFIER = "cn.com.wb.Bubble-SortTests";
				PRODUCT_NAME = "$(TARGET_NAME)";
				TARGETED_DEVICE_FAMILY = "1,2";
				TEST_HOST = "$(BUILT_PRODUCTS_DIR)/Bubble Sort.app/Bubble Sort";
			};
			name = Release;
		};
		D06A83AD221BD94800F5322B /* Debug */ = {
			isa = XCBuildConfiguration;
			buildSettings = {
				CODE_SIGN_STYLE = Automatic;
				INFOPLIST_FILE = "Bubble SortUITests/Info.plist";
				LD_RUNPATH_SEARCH_PATHS = (
					"$(inherited)",
					"@executable_path/Frameworks",
					"@loader_path/Frameworks",
				);
				PRODUCT_BUNDLE_IDENTIFIER = "cn.com.wb.Bubble-SortUITests";
				PRODUCT_NAME = "$(TARGET_NAME)";
				TARGETED_DEVICE_FAMILY = "1,2";
				TEST_TARGET_NAME = "Bubble Sort";
			};
			name = Debug;
		};
		D06A83AE221BD94800F5322B /* Release */ = {
			isa = XCBuildConfiguration;
			buildSettings = {
				CODE_SIGN_STYLE = Automatic;
				INFOPLIST_FILE = "Bubble SortUITests/Info.plist";
				LD_RUNPATH_SEARCH_PATHS = (
					"$(inherited)",
					"@executable_path/Frameworks",
					"@loader_path/Frameworks",
				);
				PRODUCT_BUNDLE_IDENTIFIER = "cn.com.wb.Bubble-SortUITests";
				PRODUCT_NAME = "$(TARGET_NAME)";
				TARGETED_DEVICE_FAMILY = "1,2";
				TEST_TARGET_NAME = "Bubble Sort";
			};
			name = Release;
		};
/* End XCBuildConfiguration section */

/* Begin XCConfigurationList section */
		D06A8375221BD94700F5322B /* Build configuration list for PBXProject "Bubble Sort" */ = {
			isa = XCConfigurationList;
			buildConfigurations = (
				D06A83A4221BD94800F5322B /* Debug */,
				D06A83A5221BD94800F5322B /* Release */,
			);
			defaultConfigurationIsVisible = 0;
			defaultConfigurationName = Release;
		};
		D06A83A6221BD94800F5322B /* Build configuration list for PBXNativeTarget "Bubble Sort" */ = {
			isa = XCConfigurationList;
			buildConfigurations = (
				D06A83A7221BD94800F5322B /* Debug */,
				D06A83A8221BD94800F5322B /* Release */,
			);
			defaultConfigurationIsVisible = 0;
			defaultConfigurationName = Release;
		};
		D06A83A9221BD94800F5322B /* Build configuration list for PBXNativeTarget "Bubble SortTests" */ = {
			isa = XCConfigurationList;
			buildConfigurations = (
				D06A83AA221BD94800F5322B /* Debug */,
				D06A83AB221BD94800F5322B /* Release */,
			);
			defaultConfigurationIsVisible = 0;
			defaultConfigurationName = Release;
		};
		D06A83AC221BD94800F5322B /* Build configuration list for PBXNativeTarget "Bubble SortUITests" */ = {
			isa = XCConfigurationList;
			buildConfigurations = (
				D06A83AD221BD94800F5322B /* Debug */,
				D06A83AE221BD94800F5322B /* Release */,
			);
			defaultConfigurationIsVisible = 0;
			defaultConfigurationName = Release;
		};
/* End XCConfigurationList section */
	};
	rootObject = D06A8372221BD94700F5322B /* Project object */;
}
